
Microsoft Visual Studio Solution File, Format Version 11.00
# Visual Studio 2010
Project("{2150E333-8FDC-42A3-9474-1A3956D46DE8}") = "Libraries", "Libraries", "{15D19291-4200-4C30-A68A-0191B6F83BE1}"
EndProject
Project("{FAE04EC0-301F-11D3-BF4B-00C04F79EFBC}") = "UniversalEditor.Core", "Libraries\UniversalEditor.Core\UniversalEditor.Core.csproj", "{2D4737E6-6D95-408A-90DB-8DFF38147E85}"
EndProject
Project("{FAE04EC0-301F-11D3-BF4B-00C04F79EFBC}") = "UniversalEditor.Compression", "Libraries\UniversalEditor.Compression\UniversalEditor.Compression.csproj", "{3F664673-7E22-4486-9AD0-FC81861D0B78}"
EndProject
Project("{FAE04EC0-301F-11D3-BF4B-00C04F79EFBC}") = "UniversalEditor.UserInterface", "Libraries\UniversalEditor.UserInterface\UniversalEditor.UserInterface.csproj", "{8622EBC4-8E20-476E-B284-33D472081F5C}"
EndProject
Project("{2150E333-8FDC-42A3-9474-1A3956D46DE8}") = "Applications", "Applications", "{A935623A-E98E-43FF-BBE2-DAA61A587345}"
EndProject
Project("{FAE04EC0-301F-11D3-BF4B-00C04F79EFBC}") = "UniversalEditor.ConsoleApplication", "Applications\UniversalEditor.ConsoleApplication\UniversalEditor.ConsoleApplication.csproj", "{BAC9FDFD-C39E-4A90-B9F8-CF75B551BE10}"
EndProject
Project("{FAE04EC0-301F-11D3-BF4B-00C04F79EFBC}") = "UniversalEditor.Bootstrapper", "Applications\UniversalEditor.Bootstrapper\UniversalEditor.Bootstrapper.csproj", "{6F0AB1AF-E1A1-4D19-B19C-05BBB15C94B2}"
EndProject
Project("{FAE04EC0-301F-11D3-BF4B-00C04F79EFBC}") = "UniversalEditor.ConsoleBootstrapper", "Applications\UniversalEditor.ConsoleBootstrapper\UniversalEditor.ConsoleBootstrapper.csproj", "{62CFC025-B8CF-42AA-880A-92F27377FCAF}"
EndProject
Project("{2150E333-8FDC-42A3-9474-1A3956D46DE8}") = "Plugins", "Plugins", "{71CFF024-26F7-4626-A526-B435FDF8D64E}"
EndProject
Project("{FAE04EC0-301F-11D3-BF4B-00C04F79EFBC}") = "UniversalEditor.Essential", "Plugins\UniversalEditor.Essential\UniversalEditor.Essential.csproj", "{30467E5C-05BC-4856-AADC-13906EF4CADD}"
EndProject
Project("{FAE04EC0-301F-11D3-BF4B-00C04F79EFBC}") = "UniversalEditor.Plugins.OSLib", "Plugins\UniversalEditor.Plugins.OSLib\UniversalEditor.Plugins.OSLib.csproj", "{7CA0A889-C1A1-4CEB-AA54-43A640B41C6C}"
EndProject
Project("{FAE04EC0-301F-11D3-BF4B-00C04F79EFBC}") = "UniversalEditor.Plugins.Multimedia", "Plugins\UniversalEditor.Plugins.Multimedia\UniversalEditor.Plugins.Multimedia.csproj", "{BE4D0BA3-0888-42A5-9C09-FC308A4509D2}"
EndProject
Project("{FAE04EC0-301F-11D3-BF4B-00C04F79EFBC}") = "UniversalEditor.Plugins.Multimedia.Binders.GdiPlus", "Plugins\UniversalEditor.Plugins.Multimedia.Binders.GdiPlus\UniversalEditor.Plugins.Multimedia.Binders.GdiPlus.csproj", "{369CFD53-3E65-4A9E-8BDD-4CCD78BF3E33}"
EndProject
Project("{FAE04EC0-301F-11D3-BF4B-00C04F79EFBC}") = "UniversalEditor.Plugins.ChaosWorks", "Plugins\UniversalEditor.Plugins.ChaosWorks\UniversalEditor.Plugins.ChaosWorks.csproj", "{30A2F772-8EC1-425A-8D5D-36A0BE4D6B66}"
EndProject
Project("{FAE04EC0-301F-11D3-BF4B-00C04F79EFBC}") = "UniversalEditor.Plugins.Descent", "Plugins\UniversalEditor.Plugins.Descent\UniversalEditor.Plugins.Descent.csproj", "{3DC2C1F6-F332-4E55-BF6A-AED78A7C3FD2}"
EndProject
Project("{FAE04EC0-301F-11D3-BF4B-00C04F79EFBC}") = "UniversalEditor.Plugins.Designer", "Plugins\UniversalEditor.Plugins.Designer\UniversalEditor.Plugins.Designer.csproj", "{899E3DD6-EA65-4168-AAE3-867A4F9650A6}"
EndProject
Project("{FAE04EC0-301F-11D3-BF4B-00C04F79EFBC}") = "UniversalEditor.Plugins.NamcoTales", "Plugins\UniversalEditor.Plugins.NamcoTales\UniversalEditor.Plugins.NamcoTales.csproj", "{19AEFD28-37E8-4FFD-B879-FEE57824689D}"
EndProject
Project("{FAE04EC0-301F-11D3-BF4B-00C04F79EFBC}") = "UniversalEditor.Plugins.FileSystem", "Plugins\UniversalEditor.Plugins.FileSystem\UniversalEditor.Plugins.FileSystem.csproj", "{76FD1306-9CA4-428F-993B-B7E4EEEACBF3}"
EndProject
Project("{FAE04EC0-301F-11D3-BF4B-00C04F79EFBC}") = "UniversalEditor.Plugins.NewWorldComputing", "Plugins\UniversalEditor.Plugins.NewWorldComputing\UniversalEditor.Plugins.NewWorldComputing.csproj", "{26095090-3F7D-4DB5-A9BF-4C687230FC0F}"
EndProject
Project("{FAE04EC0-301F-11D3-BF4B-00C04F79EFBC}") = "UniversalEditor.Plugins.Abomination", "Plugins\UniversalEditor.Plugins.Abomination\UniversalEditor.Plugins.Abomination.csproj", "{D4D9C9A6-04A4-46AD-8238-2493A455723F}"
EndProject
Project("{FAE04EC0-301F-11D3-BF4B-00C04F79EFBC}") = "UniversalEditor.Plugins.Multimedia3D", "Plugins\UniversalEditor.Plugins.Multimedia3D\UniversalEditor.Plugins.Multimedia3D.csproj", "{4FD9DB1D-76AA-48D1-8446-95376C4A2BC2}"
EndProject
Project("{FAE04EC0-301F-11D3-BF4B-00C04F79EFBC}") = "UniversalEditor.Plugins.Moosta", "Plugins\UniversalEditor.Plugins.Moosta\UniversalEditor.Plugins.Moosta.csproj", "{10B9B771-9939-4D0B-8D47-501B6F60209F}"
EndProject
Project("{FAE04EC0-301F-11D3-BF4B-00C04F79EFBC}") = "UniversalEditor.Plugins.AniMiku", "Plugins\UniversalEditor.Plugins.AniMiku\UniversalEditor.Plugins.AniMiku.csproj", "{FEC4EAD0-8A6E-4029-A537-EBD9F420B227}"
EndProject
Project("{FAE04EC0-301F-11D3-BF4B-00C04F79EFBC}") = "UniversalEditor.Plugins.Avalanche", "Plugins\UniversalEditor.Plugins.Avalanche\UniversalEditor.Plugins.Avalanche.csproj", "{828C6BB6-3543-4EAF-B0F9-F11410AE8836}"
EndProject
Project("{FAE04EC0-301F-11D3-BF4B-00C04F79EFBC}") = "UniversalEditor.Plugins.Lighting", "Plugins\UniversalEditor.Plugins.Lighting\UniversalEditor.Plugins.Lighting.csproj", "{1C24F4F8-9D94-4783-B5C0-11564D70B76A}"
EndProject
Project("{FAE04EC0-301F-11D3-BF4B-00C04F79EFBC}") = "UniversalEditor.Plugins.Concertroid", "Plugins\UniversalEditor.Plugins.Concertroid\UniversalEditor.Plugins.Concertroid.csproj", "{D3BBDA07-5088-454E-A16D-DA24D8D88037}"
EndProject
Project("{FAE04EC0-301F-11D3-BF4B-00C04F79EFBC}") = "UniversalEditor.Plugins.VersatileContainer", "Plugins\UniversalEditor.Plugins.VersatileContainer\UniversalEditor.Plugins.VersatileContainer.csproj", "{FFC91B24-39AF-49AC-9A3A-900FBE1012ED}"
EndProject
Project("{FAE04EC0-301F-11D3-BF4B-00C04F79EFBC}") = "UniversalEditor.Plugins.Valve", "Plugins\UniversalEditor.Plugins.Valve\UniversalEditor.Plugins.Valve.csproj", "{FD6B879E-46B0-47BE-860E-BF0C11135590}"
EndProject
Project("{FAE04EC0-301F-11D3-BF4B-00C04F79EFBC}") = "UniversalEditor.Plugins.Cyberlore", "Plugins\UniversalEditor.Plugins.Cyberlore\UniversalEditor.Plugins.Cyberlore.csproj", "{41DBA506-177E-4B2D-8E6D-738E371326A1}"
EndProject
Project("{FAE04EC0-301F-11D3-BF4B-00C04F79EFBC}") = "UniversalEditor.Plugins.ReflexiveEntertainment", "Plugins\UniversalEditor.Plugins.ReflexiveEntertainment\UniversalEditor.Plugins.ReflexiveEntertainment.csproj", "{BED1EEAF-9ADD-46F6-92D0-53957858E25B}"
EndProject
Project("{FAE04EC0-301F-11D3-BF4B-00C04F79EFBC}") = "UniversalEditor.Plugins.Microsoft.Merlin", "Plugins\UniversalEditor.Plugins.Microsoft.Merlin\UniversalEditor.Plugins.Microsoft.Merlin.csproj", "{9F1FDC26-5F1C-4C2A-BBBF-3A597A72802D}"
EndProject
Project("{FAE04EC0-301F-11D3-BF4B-00C04F79EFBC}") = "UniversalEditor.Plugins.Microsoft.VisualStudio", "Plugins\UniversalEditor.Plugins.Microsoft.VisualStudio\UniversalEditor.Plugins.Microsoft.VisualStudio.csproj", "{E6C9A73D-4556-4220-9BC7-302A7EE64C1A}"
EndProject
Project("{2150E333-8FDC-42A3-9474-1A3956D46DE8}") = "Dependencies", "Dependencies", "{5A423A3E-51C5-4188-8AD5-FB5C0CB76C6A}"
EndProject
Project("{FAE04EC0-301F-11D3-BF4B-00C04F79EFBC}") = "Surodoine", "..\..\Surodoine\Surodoine\Surodoine.csproj", "{E0897B7B-617A-4709-A4C6-FC0F6B441B2A}"
EndProject
Global
	GlobalSection(SolutionConfigurationPlatforms) = preSolution
		Debug|Any CPU = Debug|Any CPU
		Debug|Mixed Platforms = Debug|Mixed Platforms
		Debug|x86 = Debug|x86
		Release|Any CPU = Release|Any CPU
		Release|Mixed Platforms = Release|Mixed Platforms
		Release|x86 = Release|x86
	EndGlobalSection
	GlobalSection(ProjectConfigurationPlatforms) = postSolution
		{10B9B771-9939-4D0B-8D47-501B6F60209F}.Debug|Any CPU.ActiveCfg = Debug|Any CPU
		{10B9B771-9939-4D0B-8D47-501B6F60209F}.Debug|Any CPU.Build.0 = Debug|Any CPU
		{10B9B771-9939-4D0B-8D47-501B6F60209F}.Debug|Mixed Platforms.ActiveCfg = Debug|Any CPU
		{10B9B771-9939-4D0B-8D47-501B6F60209F}.Debug|Mixed Platforms.Build.0 = Debug|Any CPU
		{10B9B771-9939-4D0B-8D47-501B6F60209F}.Debug|x86.ActiveCfg = Debug|Any CPU
		{10B9B771-9939-4D0B-8D47-501B6F60209F}.Release|Any CPU.ActiveCfg = Release|Any CPU
		{10B9B771-9939-4D0B-8D47-501B6F60209F}.Release|Any CPU.Build.0 = Release|Any CPU
		{10B9B771-9939-4D0B-8D47-501B6F60209F}.Release|Mixed Platforms.ActiveCfg = Release|Any CPU
		{10B9B771-9939-4D0B-8D47-501B6F60209F}.Release|Mixed Platforms.Build.0 = Release|Any CPU
		{10B9B771-9939-4D0B-8D47-501B6F60209F}.Release|x86.ActiveCfg = Release|Any CPU
		{19AEFD28-37E8-4FFD-B879-FEE57824689D}.Debug|Any CPU.ActiveCfg = Debug|Any CPU
		{19AEFD28-37E8-4FFD-B879-FEE57824689D}.Debug|Any CPU.Build.0 = Debug|Any CPU
		{19AEFD28-37E8-4FFD-B879-FEE57824689D}.Debug|Mixed Platforms.ActiveCfg = Debug|Any CPU
		{19AEFD28-37E8-4FFD-B879-FEE57824689D}.Debug|Mixed Platforms.Build.0 = Debug|Any CPU
		{19AEFD28-37E8-4FFD-B879-FEE57824689D}.Debug|x86.ActiveCfg = Debug|Any CPU
		{19AEFD28-37E8-4FFD-B879-FEE57824689D}.Release|Any CPU.ActiveCfg = Release|Any CPU
		{19AEFD28-37E8-4FFD-B879-FEE57824689D}.Release|Any CPU.Build.0 = Release|Any CPU
		{19AEFD28-37E8-4FFD-B879-FEE57824689D}.Release|Mixed Platforms.ActiveCfg = Release|Any CPU
		{19AEFD28-37E8-4FFD-B879-FEE57824689D}.Release|Mixed Platforms.Build.0 = Release|Any CPU
		{19AEFD28-37E8-4FFD-B879-FEE57824689D}.Release|x86.ActiveCfg = Release|Any CPU
		{1C24F4F8-9D94-4783-B5C0-11564D70B76A}.Debug|Any CPU.ActiveCfg = Debug|Any CPU
		{1C24F4F8-9D94-4783-B5C0-11564D70B76A}.Debug|Any CPU.Build.0 = Debug|Any CPU
		{1C24F4F8-9D94-4783-B5C0-11564D70B76A}.Debug|Mixed Platforms.ActiveCfg = Debug|Any CPU
		{1C24F4F8-9D94-4783-B5C0-11564D70B76A}.Debug|Mixed Platforms.Build.0 = Debug|Any CPU
		{1C24F4F8-9D94-4783-B5C0-11564D70B76A}.Debug|x86.ActiveCfg = Debug|Any CPU
		{1C24F4F8-9D94-4783-B5C0-11564D70B76A}.Release|Any CPU.ActiveCfg = Release|Any CPU
		{1C24F4F8-9D94-4783-B5C0-11564D70B76A}.Release|Any CPU.Build.0 = Release|Any CPU
		{1C24F4F8-9D94-4783-B5C0-11564D70B76A}.Release|Mixed Platforms.ActiveCfg = Release|Any CPU
		{1C24F4F8-9D94-4783-B5C0-11564D70B76A}.Release|Mixed Platforms.Build.0 = Release|Any CPU
		{1C24F4F8-9D94-4783-B5C0-11564D70B76A}.Release|x86.ActiveCfg = Release|Any CPU
		{26095090-3F7D-4DB5-A9BF-4C687230FC0F}.Debug|Any CPU.ActiveCfg = Debug|Any CPU
		{26095090-3F7D-4DB5-A9BF-4C687230FC0F}.Debug|Any CPU.Build.0 = Debug|Any CPU
		{26095090-3F7D-4DB5-A9BF-4C687230FC0F}.Debug|Mixed Platforms.ActiveCfg = Debug|Any CPU
		{26095090-3F7D-4DB5-A9BF-4C687230FC0F}.Debug|Mixed Platforms.Build.0 = Debug|Any CPU
		{26095090-3F7D-4DB5-A9BF-4C687230FC0F}.Debug|x86.ActiveCfg = Debug|Any CPU
		{26095090-3F7D-4DB5-A9BF-4C687230FC0F}.Release|Any CPU.ActiveCfg = Release|Any CPU
		{26095090-3F7D-4DB5-A9BF-4C687230FC0F}.Release|Any CPU.Build.0 = Release|Any CPU
		{26095090-3F7D-4DB5-A9BF-4C687230FC0F}.Release|Mixed Platforms.ActiveCfg = Release|Any CPU
		{26095090-3F7D-4DB5-A9BF-4C687230FC0F}.Release|Mixed Platforms.Build.0 = Release|Any CPU
		{26095090-3F7D-4DB5-A9BF-4C687230FC0F}.Release|x86.ActiveCfg = Release|Any CPU
		{2D4737E6-6D95-408A-90DB-8DFF38147E85}.Debug|Any CPU.ActiveCfg = Debug|Any CPU
		{2D4737E6-6D95-408A-90DB-8DFF38147E85}.Debug|Any CPU.Build.0 = Debug|Any CPU
		{2D4737E6-6D95-408A-90DB-8DFF38147E85}.Debug|Mixed Platforms.ActiveCfg = Debug|Any CPU
		{2D4737E6-6D95-408A-90DB-8DFF38147E85}.Debug|Mixed Platforms.Build.0 = Debug|Any CPU
		{2D4737E6-6D95-408A-90DB-8DFF38147E85}.Debug|x86.ActiveCfg = Debug|Any CPU
		{2D4737E6-6D95-408A-90DB-8DFF38147E85}.Release|Any CPU.ActiveCfg = Release|Any CPU
		{2D4737E6-6D95-408A-90DB-8DFF38147E85}.Release|Any CPU.Build.0 = Release|Any CPU
		{2D4737E6-6D95-408A-90DB-8DFF38147E85}.Release|Mixed Platforms.ActiveCfg = Release|Any CPU
		{2D4737E6-6D95-408A-90DB-8DFF38147E85}.Release|Mixed Platforms.Build.0 = Release|Any CPU
		{2D4737E6-6D95-408A-90DB-8DFF38147E85}.Release|x86.ActiveCfg = Release|Any CPU
		{30467E5C-05BC-4856-AADC-13906EF4CADD}.Debug|Any CPU.ActiveCfg = Debug|Any CPU
		{30467E5C-05BC-4856-AADC-13906EF4CADD}.Debug|Any CPU.Build.0 = Debug|Any CPU
		{30467E5C-05BC-4856-AADC-13906EF4CADD}.Debug|Mixed Platforms.ActiveCfg = Debug|Any CPU
		{30467E5C-05BC-4856-AADC-13906EF4CADD}.Debug|Mixed Platforms.Build.0 = Debug|Any CPU
		{30467E5C-05BC-4856-AADC-13906EF4CADD}.Debug|x86.ActiveCfg = Debug|Any CPU
		{30467E5C-05BC-4856-AADC-13906EF4CADD}.Release|Any CPU.ActiveCfg = Release|Any CPU
		{30467E5C-05BC-4856-AADC-13906EF4CADD}.Release|Any CPU.Build.0 = Release|Any CPU
		{30467E5C-05BC-4856-AADC-13906EF4CADD}.Release|Mixed Platforms.ActiveCfg = Release|Any CPU
		{30467E5C-05BC-4856-AADC-13906EF4CADD}.Release|Mixed Platforms.Build.0 = Release|Any CPU
		{30467E5C-05BC-4856-AADC-13906EF4CADD}.Release|x86.ActiveCfg = Release|Any CPU
		{30A2F772-8EC1-425A-8D5D-36A0BE4D6B66}.Debug|Any CPU.ActiveCfg = Debug|Any CPU
		{30A2F772-8EC1-425A-8D5D-36A0BE4D6B66}.Debug|Any CPU.Build.0 = Debug|Any CPU
		{30A2F772-8EC1-425A-8D5D-36A0BE4D6B66}.Debug|Mixed Platforms.ActiveCfg = Debug|Any CPU
		{30A2F772-8EC1-425A-8D5D-36A0BE4D6B66}.Debug|Mixed Platforms.Build.0 = Debug|Any CPU
		{30A2F772-8EC1-425A-8D5D-36A0BE4D6B66}.Debug|x86.ActiveCfg = Debug|Any CPU
		{30A2F772-8EC1-425A-8D5D-36A0BE4D6B66}.Release|Any CPU.ActiveCfg = Release|Any CPU
		{30A2F772-8EC1-425A-8D5D-36A0BE4D6B66}.Release|Any CPU.Build.0 = Release|Any CPU
		{30A2F772-8EC1-425A-8D5D-36A0BE4D6B66}.Release|Mixed Platforms.ActiveCfg = Release|Any CPU
		{30A2F772-8EC1-425A-8D5D-36A0BE4D6B66}.Release|Mixed Platforms.Build.0 = Release|Any CPU
		{30A2F772-8EC1-425A-8D5D-36A0BE4D6B66}.Release|x86.ActiveCfg = Release|Any CPU
		{369CFD53-3E65-4A9E-8BDD-4CCD78BF3E33}.Debug|Any CPU.ActiveCfg = Debug|Any CPU
		{369CFD53-3E65-4A9E-8BDD-4CCD78BF3E33}.Debug|Any CPU.Build.0 = Debug|Any CPU
		{369CFD53-3E65-4A9E-8BDD-4CCD78BF3E33}.Debug|Mixed Platforms.ActiveCfg = Debug|Any CPU
		{369CFD53-3E65-4A9E-8BDD-4CCD78BF3E33}.Debug|Mixed Platforms.Build.0 = Debug|Any CPU
		{369CFD53-3E65-4A9E-8BDD-4CCD78BF3E33}.Debug|x86.ActiveCfg = Debug|Any CPU
		{369CFD53-3E65-4A9E-8BDD-4CCD78BF3E33}.Release|Any CPU.ActiveCfg = Release|Any CPU
		{369CFD53-3E65-4A9E-8BDD-4CCD78BF3E33}.Release|Any CPU.Build.0 = Release|Any CPU
		{369CFD53-3E65-4A9E-8BDD-4CCD78BF3E33}.Release|Mixed Platforms.ActiveCfg = Release|Any CPU
		{369CFD53-3E65-4A9E-8BDD-4CCD78BF3E33}.Release|Mixed Platforms.Build.0 = Release|Any CPU
		{369CFD53-3E65-4A9E-8BDD-4CCD78BF3E33}.Release|x86.ActiveCfg = Release|Any CPU
		{3DC2C1F6-F332-4E55-BF6A-AED78A7C3FD2}.Debug|Any CPU.ActiveCfg = Debug|Any CPU
		{3DC2C1F6-F332-4E55-BF6A-AED78A7C3FD2}.Debug|Any CPU.Build.0 = Debug|Any CPU
		{3DC2C1F6-F332-4E55-BF6A-AED78A7C3FD2}.Debug|Mixed Platforms.ActiveCfg = Debug|Any CPU
		{3DC2C1F6-F332-4E55-BF6A-AED78A7C3FD2}.Debug|Mixed Platforms.Build.0 = Debug|Any CPU
		{3DC2C1F6-F332-4E55-BF6A-AED78A7C3FD2}.Debug|x86.ActiveCfg = Debug|Any CPU
		{3DC2C1F6-F332-4E55-BF6A-AED78A7C3FD2}.Release|Any CPU.ActiveCfg = Release|Any CPU
		{3DC2C1F6-F332-4E55-BF6A-AED78A7C3FD2}.Release|Any CPU.Build.0 = Release|Any CPU
		{3DC2C1F6-F332-4E55-BF6A-AED78A7C3FD2}.Release|Mixed Platforms.ActiveCfg = Release|Any CPU
		{3DC2C1F6-F332-4E55-BF6A-AED78A7C3FD2}.Release|Mixed Platforms.Build.0 = Release|Any CPU
		{3DC2C1F6-F332-4E55-BF6A-AED78A7C3FD2}.Release|x86.ActiveCfg = Release|Any CPU
		{3F664673-7E22-4486-9AD0-FC81861D0B78}.Debug|Any CPU.ActiveCfg = Debug|Any CPU
		{3F664673-7E22-4486-9AD0-FC81861D0B78}.Debug|Any CPU.Build.0 = Debug|Any CPU
		{3F664673-7E22-4486-9AD0-FC81861D0B78}.Debug|Mixed Platforms.ActiveCfg = Debug|Any CPU
		{3F664673-7E22-4486-9AD0-FC81861D0B78}.Debug|Mixed Platforms.Build.0 = Debug|Any CPU
		{3F664673-7E22-4486-9AD0-FC81861D0B78}.Debug|x86.ActiveCfg = Debug|Any CPU
		{3F664673-7E22-4486-9AD0-FC81861D0B78}.Release|Any CPU.ActiveCfg = Release|Any CPU
		{3F664673-7E22-4486-9AD0-FC81861D0B78}.Release|Any CPU.Build.0 = Release|Any CPU
		{3F664673-7E22-4486-9AD0-FC81861D0B78}.Release|Mixed Platforms.ActiveCfg = Release|Any CPU
		{3F664673-7E22-4486-9AD0-FC81861D0B78}.Release|Mixed Platforms.Build.0 = Release|Any CPU
		{3F664673-7E22-4486-9AD0-FC81861D0B78}.Release|x86.ActiveCfg = Release|Any CPU
		{41DBA506-177E-4B2D-8E6D-738E371326A1}.Debug|Any CPU.ActiveCfg = Debug|Any CPU
		{41DBA506-177E-4B2D-8E6D-738E371326A1}.Debug|Any CPU.Build.0 = Debug|Any CPU
		{41DBA506-177E-4B2D-8E6D-738E371326A1}.Debug|Mixed Platforms.ActiveCfg = Debug|Any CPU
		{41DBA506-177E-4B2D-8E6D-738E371326A1}.Debug|Mixed Platforms.Build.0 = Debug|Any CPU
		{41DBA506-177E-4B2D-8E6D-738E371326A1}.Debug|x86.ActiveCfg = Debug|Any CPU
		{41DBA506-177E-4B2D-8E6D-738E371326A1}.Release|Any CPU.ActiveCfg = Release|Any CPU
		{41DBA506-177E-4B2D-8E6D-738E371326A1}.Release|Any CPU.Build.0 = Release|Any CPU
		{41DBA506-177E-4B2D-8E6D-738E371326A1}.Release|Mixed Platforms.ActiveCfg = Release|Any CPU
		{41DBA506-177E-4B2D-8E6D-738E371326A1}.Release|Mixed Platforms.Build.0 = Release|Any CPU
		{41DBA506-177E-4B2D-8E6D-738E371326A1}.Release|x86.ActiveCfg = Release|Any CPU
		{4FD9DB1D-76AA-48D1-8446-95376C4A2BC2}.Debug|Any CPU.ActiveCfg = Debug|Any CPU
		{4FD9DB1D-76AA-48D1-8446-95376C4A2BC2}.Debug|Any CPU.Build.0 = Debug|Any CPU
		{4FD9DB1D-76AA-48D1-8446-95376C4A2BC2}.Debug|Mixed Platforms.ActiveCfg = Debug|Any CPU
		{4FD9DB1D-76AA-48D1-8446-95376C4A2BC2}.Debug|Mixed Platforms.Build.0 = Debug|Any CPU
		{4FD9DB1D-76AA-48D1-8446-95376C4A2BC2}.Debug|x86.ActiveCfg = Debug|Any CPU
		{4FD9DB1D-76AA-48D1-8446-95376C4A2BC2}.Release|Any CPU.ActiveCfg = Release|Any CPU
		{4FD9DB1D-76AA-48D1-8446-95376C4A2BC2}.Release|Any CPU.Build.0 = Release|Any CPU
		{4FD9DB1D-76AA-48D1-8446-95376C4A2BC2}.Release|Mixed Platforms.ActiveCfg = Release|Any CPU
		{4FD9DB1D-76AA-48D1-8446-95376C4A2BC2}.Release|Mixed Platforms.Build.0 = Release|Any CPU
		{4FD9DB1D-76AA-48D1-8446-95376C4A2BC2}.Release|x86.ActiveCfg = Release|Any CPU
		{62CFC025-B8CF-42AA-880A-92F27377FCAF}.Debug|Any CPU.ActiveCfg = Debug|Any CPU
		{62CFC025-B8CF-42AA-880A-92F27377FCAF}.Debug|Any CPU.Build.0 = Debug|Any CPU
		{62CFC025-B8CF-42AA-880A-92F27377FCAF}.Debug|Mixed Platforms.ActiveCfg = Debug|Any CPU
		{62CFC025-B8CF-42AA-880A-92F27377FCAF}.Debug|Mixed Platforms.Build.0 = Debug|Any CPU
		{62CFC025-B8CF-42AA-880A-92F27377FCAF}.Debug|x86.ActiveCfg = Debug|Any CPU
		{62CFC025-B8CF-42AA-880A-92F27377FCAF}.Release|Any CPU.ActiveCfg = Release|Any CPU
		{62CFC025-B8CF-42AA-880A-92F27377FCAF}.Release|Any CPU.Build.0 = Release|Any CPU
		{62CFC025-B8CF-42AA-880A-92F27377FCAF}.Release|Mixed Platforms.ActiveCfg = Release|Any CPU
		{62CFC025-B8CF-42AA-880A-92F27377FCAF}.Release|Mixed Platforms.Build.0 = Release|Any CPU
		{62CFC025-B8CF-42AA-880A-92F27377FCAF}.Release|x86.ActiveCfg = Release|Any CPU
		{6F0AB1AF-E1A1-4D19-B19C-05BBB15C94B2}.Debug|Any CPU.ActiveCfg = Debug|Any CPU
		{6F0AB1AF-E1A1-4D19-B19C-05BBB15C94B2}.Debug|Any CPU.Build.0 = Debug|Any CPU
		{6F0AB1AF-E1A1-4D19-B19C-05BBB15C94B2}.Debug|Mixed Platforms.ActiveCfg = Debug|Any CPU
		{6F0AB1AF-E1A1-4D19-B19C-05BBB15C94B2}.Debug|Mixed Platforms.Build.0 = Debug|Any CPU
		{6F0AB1AF-E1A1-4D19-B19C-05BBB15C94B2}.Debug|x86.ActiveCfg = Debug|Any CPU
		{6F0AB1AF-E1A1-4D19-B19C-05BBB15C94B2}.Release|Any CPU.ActiveCfg = Release|Any CPU
		{6F0AB1AF-E1A1-4D19-B19C-05BBB15C94B2}.Release|Any CPU.Build.0 = Release|Any CPU
		{6F0AB1AF-E1A1-4D19-B19C-05BBB15C94B2}.Release|Mixed Platforms.ActiveCfg = Release|Any CPU
		{6F0AB1AF-E1A1-4D19-B19C-05BBB15C94B2}.Release|Mixed Platforms.Build.0 = Release|Any CPU
		{6F0AB1AF-E1A1-4D19-B19C-05BBB15C94B2}.Release|x86.ActiveCfg = Release|Any CPU
		{76FD1306-9CA4-428F-993B-B7E4EEEACBF3}.Debug|Any CPU.ActiveCfg = Debug|Any CPU
		{76FD1306-9CA4-428F-993B-B7E4EEEACBF3}.Debug|Any CPU.Build.0 = Debug|Any CPU
		{76FD1306-9CA4-428F-993B-B7E4EEEACBF3}.Debug|Mixed Platforms.ActiveCfg = Debug|Any CPU
		{76FD1306-9CA4-428F-993B-B7E4EEEACBF3}.Debug|Mixed Platforms.Build.0 = Debug|Any CPU
		{76FD1306-9CA4-428F-993B-B7E4EEEACBF3}.Debug|x86.ActiveCfg = Debug|Any CPU
		{76FD1306-9CA4-428F-993B-B7E4EEEACBF3}.Release|Any CPU.ActiveCfg = Release|Any CPU
		{76FD1306-9CA4-428F-993B-B7E4EEEACBF3}.Release|Any CPU.Build.0 = Release|Any CPU
		{76FD1306-9CA4-428F-993B-B7E4EEEACBF3}.Release|Mixed Platforms.ActiveCfg = Release|Any CPU
		{76FD1306-9CA4-428F-993B-B7E4EEEACBF3}.Release|Mixed Platforms.Build.0 = Release|Any CPU
		{76FD1306-9CA4-428F-993B-B7E4EEEACBF3}.Release|x86.ActiveCfg = Release|Any CPU
		{7CA0A889-C1A1-4CEB-AA54-43A640B41C6C}.Debug|Any CPU.ActiveCfg = Debug|Any CPU
		{7CA0A889-C1A1-4CEB-AA54-43A640B41C6C}.Debug|Any CPU.Build.0 = Debug|Any CPU
		{7CA0A889-C1A1-4CEB-AA54-43A640B41C6C}.Debug|Mixed Platforms.ActiveCfg = Debug|Any CPU
		{7CA0A889-C1A1-4CEB-AA54-43A640B41C6C}.Debug|Mixed Platforms.Build.0 = Debug|Any CPU
		{7CA0A889-C1A1-4CEB-AA54-43A640B41C6C}.Debug|x86.ActiveCfg = Debug|Any CPU
		{7CA0A889-C1A1-4CEB-AA54-43A640B41C6C}.Release|Any CPU.ActiveCfg = Release|Any CPU
		{7CA0A889-C1A1-4CEB-AA54-43A640B41C6C}.Release|Any CPU.Build.0 = Release|Any CPU
		{7CA0A889-C1A1-4CEB-AA54-43A640B41C6C}.Release|Mixed Platforms.ActiveCfg = Release|Any CPU
		{7CA0A889-C1A1-4CEB-AA54-43A640B41C6C}.Release|Mixed Platforms.Build.0 = Release|Any CPU
		{7CA0A889-C1A1-4CEB-AA54-43A640B41C6C}.Release|x86.ActiveCfg = Release|Any CPU
		{828C6BB6-3543-4EAF-B0F9-F11410AE8836}.Debug|Any CPU.ActiveCfg = Debug|Any CPU
		{828C6BB6-3543-4EAF-B0F9-F11410AE8836}.Debug|Any CPU.Build.0 = Debug|Any CPU
		{828C6BB6-3543-4EAF-B0F9-F11410AE8836}.Debug|Mixed Platforms.ActiveCfg = Debug|Any CPU
		{828C6BB6-3543-4EAF-B0F9-F11410AE8836}.Debug|Mixed Platforms.Build.0 = Debug|Any CPU
		{828C6BB6-3543-4EAF-B0F9-F11410AE8836}.Debug|x86.ActiveCfg = Debug|Any CPU
		{828C6BB6-3543-4EAF-B0F9-F11410AE8836}.Release|Any CPU.ActiveCfg = Release|Any CPU
		{828C6BB6-3543-4EAF-B0F9-F11410AE8836}.Release|Any CPU.Build.0 = Release|Any CPU
		{828C6BB6-3543-4EAF-B0F9-F11410AE8836}.Release|Mixed Platforms.ActiveCfg = Release|Any CPU
		{828C6BB6-3543-4EAF-B0F9-F11410AE8836}.Release|Mixed Platforms.Build.0 = Release|Any CPU
		{828C6BB6-3543-4EAF-B0F9-F11410AE8836}.Release|x86.ActiveCfg = Release|Any CPU
		{8622EBC4-8E20-476E-B284-33D472081F5C}.Debug|Any CPU.ActiveCfg = Debug|Any CPU
		{8622EBC4-8E20-476E-B284-33D472081F5C}.Debug|Any CPU.Build.0 = Debug|Any CPU
		{8622EBC4-8E20-476E-B284-33D472081F5C}.Debug|Mixed Platforms.ActiveCfg = Debug|Any CPU
		{8622EBC4-8E20-476E-B284-33D472081F5C}.Debug|Mixed Platforms.Build.0 = Debug|Any CPU
		{8622EBC4-8E20-476E-B284-33D472081F5C}.Debug|x86.ActiveCfg = Debug|Any CPU
		{8622EBC4-8E20-476E-B284-33D472081F5C}.Release|Any CPU.ActiveCfg = Release|Any CPU
		{8622EBC4-8E20-476E-B284-33D472081F5C}.Release|Any CPU.Build.0 = Release|Any CPU
		{8622EBC4-8E20-476E-B284-33D472081F5C}.Release|Mixed Platforms.ActiveCfg = Release|Any CPU
		{8622EBC4-8E20-476E-B284-33D472081F5C}.Release|Mixed Platforms.Build.0 = Release|Any CPU
		{8622EBC4-8E20-476E-B284-33D472081F5C}.Release|x86.ActiveCfg = Release|Any CPU
		{899E3DD6-EA65-4168-AAE3-867A4F9650A6}.Debug|Any CPU.ActiveCfg = Debug|Any CPU
		{899E3DD6-EA65-4168-AAE3-867A4F9650A6}.Debug|Any CPU.Build.0 = Debug|Any CPU
		{899E3DD6-EA65-4168-AAE3-867A4F9650A6}.Debug|Mixed Platforms.ActiveCfg = Debug|Any CPU
		{899E3DD6-EA65-4168-AAE3-867A4F9650A6}.Debug|Mixed Platforms.Build.0 = Debug|Any CPU
		{899E3DD6-EA65-4168-AAE3-867A4F9650A6}.Debug|x86.ActiveCfg = Debug|Any CPU
		{899E3DD6-EA65-4168-AAE3-867A4F9650A6}.Release|Any CPU.ActiveCfg = Release|Any CPU
		{899E3DD6-EA65-4168-AAE3-867A4F9650A6}.Release|Any CPU.Build.0 = Release|Any CPU
		{899E3DD6-EA65-4168-AAE3-867A4F9650A6}.Release|Mixed Platforms.ActiveCfg = Release|Any CPU
		{899E3DD6-EA65-4168-AAE3-867A4F9650A6}.Release|Mixed Platforms.Build.0 = Release|Any CPU
		{899E3DD6-EA65-4168-AAE3-867A4F9650A6}.Release|x86.ActiveCfg = Release|Any CPU
		{9F1FDC26-5F1C-4C2A-BBBF-3A597A72802D}.Debug|Any CPU.ActiveCfg = Debug|Any CPU
		{9F1FDC26-5F1C-4C2A-BBBF-3A597A72802D}.Debug|Any CPU.Build.0 = Debug|Any CPU
		{9F1FDC26-5F1C-4C2A-BBBF-3A597A72802D}.Debug|Mixed Platforms.ActiveCfg = Debug|Any CPU
		{9F1FDC26-5F1C-4C2A-BBBF-3A597A72802D}.Debug|Mixed Platforms.Build.0 = Debug|Any CPU
		{9F1FDC26-5F1C-4C2A-BBBF-3A597A72802D}.Debug|x86.ActiveCfg = Debug|Any CPU
		{9F1FDC26-5F1C-4C2A-BBBF-3A597A72802D}.Release|Any CPU.ActiveCfg = Release|Any CPU
		{9F1FDC26-5F1C-4C2A-BBBF-3A597A72802D}.Release|Any CPU.Build.0 = Release|Any CPU
		{9F1FDC26-5F1C-4C2A-BBBF-3A597A72802D}.Release|Mixed Platforms.ActiveCfg = Release|Any CPU
		{9F1FDC26-5F1C-4C2A-BBBF-3A597A72802D}.Release|Mixed Platforms.Build.0 = Release|Any CPU
		{9F1FDC26-5F1C-4C2A-BBBF-3A597A72802D}.Release|x86.ActiveCfg = Release|Any CPU
		{BAC9FDFD-C39E-4A90-B9F8-CF75B551BE10}.Debug|Any CPU.ActiveCfg = Debug|Any CPU
		{BAC9FDFD-C39E-4A90-B9F8-CF75B551BE10}.Debug|Any CPU.Build.0 = Debug|Any CPU
		{BAC9FDFD-C39E-4A90-B9F8-CF75B551BE10}.Debug|Mixed Platforms.ActiveCfg = Debug|Any CPU
		{BAC9FDFD-C39E-4A90-B9F8-CF75B551BE10}.Debug|Mixed Platforms.Build.0 = Debug|Any CPU
		{BAC9FDFD-C39E-4A90-B9F8-CF75B551BE10}.Debug|x86.ActiveCfg = Debug|Any CPU
		{BAC9FDFD-C39E-4A90-B9F8-CF75B551BE10}.Release|Any CPU.ActiveCfg = Release|Any CPU
		{BAC9FDFD-C39E-4A90-B9F8-CF75B551BE10}.Release|Any CPU.Build.0 = Release|Any CPU
		{BAC9FDFD-C39E-4A90-B9F8-CF75B551BE10}.Release|Mixed Platforms.ActiveCfg = Release|Any CPU
		{BAC9FDFD-C39E-4A90-B9F8-CF75B551BE10}.Release|Mixed Platforms.Build.0 = Release|Any CPU
		{BAC9FDFD-C39E-4A90-B9F8-CF75B551BE10}.Release|x86.ActiveCfg = Release|Any CPU
		{BE4D0BA3-0888-42A5-9C09-FC308A4509D2}.Debug|Any CPU.ActiveCfg = Debug|Any CPU
		{BE4D0BA3-0888-42A5-9C09-FC308A4509D2}.Debug|Any CPU.Build.0 = Debug|Any CPU
		{BE4D0BA3-0888-42A5-9C09-FC308A4509D2}.Debug|Mixed Platforms.ActiveCfg = Debug|Any CPU
		{BE4D0BA3-0888-42A5-9C09-FC308A4509D2}.Debug|Mixed Platforms.Build.0 = Debug|Any CPU
		{BE4D0BA3-0888-42A5-9C09-FC308A4509D2}.Debug|x86.ActiveCfg = Debug|Any CPU
		{BE4D0BA3-0888-42A5-9C09-FC308A4509D2}.Release|Any CPU.ActiveCfg = Release|Any CPU
		{BE4D0BA3-0888-42A5-9C09-FC308A4509D2}.Release|Any CPU.Build.0 = Release|Any CPU
		{BE4D0BA3-0888-42A5-9C09-FC308A4509D2}.Release|Mixed Platforms.ActiveCfg = Release|Any CPU
		{BE4D0BA3-0888-42A5-9C09-FC308A4509D2}.Release|Mixed Platforms.Build.0 = Release|Any CPU
		{BE4D0BA3-0888-42A5-9C09-FC308A4509D2}.Release|x86.ActiveCfg = Release|Any CPU
		{BED1EEAF-9ADD-46F6-92D0-53957858E25B}.Debug|Any CPU.ActiveCfg = Debug|Any CPU
		{BED1EEAF-9ADD-46F6-92D0-53957858E25B}.Debug|Any CPU.Build.0 = Debug|Any CPU
		{BED1EEAF-9ADD-46F6-92D0-53957858E25B}.Debug|Mixed Platforms.ActiveCfg = Debug|Any CPU
		{BED1EEAF-9ADD-46F6-92D0-53957858E25B}.Debug|Mixed Platforms.Build.0 = Debug|Any CPU
		{BED1EEAF-9ADD-46F6-92D0-53957858E25B}.Debug|x86.ActiveCfg = Debug|Any CPU
		{BED1EEAF-9ADD-46F6-92D0-53957858E25B}.Release|Any CPU.ActiveCfg = Release|Any CPU
		{BED1EEAF-9ADD-46F6-92D0-53957858E25B}.Release|Any CPU.Build.0 = Release|Any CPU
		{BED1EEAF-9ADD-46F6-92D0-53957858E25B}.Release|Mixed Platforms.ActiveCfg = Release|Any CPU
		{BED1EEAF-9ADD-46F6-92D0-53957858E25B}.Release|Mixed Platforms.Build.0 = Release|Any CPU
		{BED1EEAF-9ADD-46F6-92D0-53957858E25B}.Release|x86.ActiveCfg = Release|Any CPU
		{D3BBDA07-5088-454E-A16D-DA24D8D88037}.Debug|Any CPU.ActiveCfg = Debug|Any CPU
		{D3BBDA07-5088-454E-A16D-DA24D8D88037}.Debug|Any CPU.Build.0 = Debug|Any CPU
		{D3BBDA07-5088-454E-A16D-DA24D8D88037}.Debug|Mixed Platforms.ActiveCfg = Debug|Any CPU
		{D3BBDA07-5088-454E-A16D-DA24D8D88037}.Debug|Mixed Platforms.Build.0 = Debug|Any CPU
		{D3BBDA07-5088-454E-A16D-DA24D8D88037}.Debug|x86.ActiveCfg = Debug|Any CPU
		{D3BBDA07-5088-454E-A16D-DA24D8D88037}.Release|Any CPU.ActiveCfg = Release|Any CPU
		{D3BBDA07-5088-454E-A16D-DA24D8D88037}.Release|Any CPU.Build.0 = Release|Any CPU
		{D3BBDA07-5088-454E-A16D-DA24D8D88037}.Release|Mixed Platforms.ActiveCfg = Release|Any CPU
		{D3BBDA07-5088-454E-A16D-DA24D8D88037}.Release|Mixed Platforms.Build.0 = Release|Any CPU
		{D3BBDA07-5088-454E-A16D-DA24D8D88037}.Release|x86.ActiveCfg = Release|Any CPU
		{D4D9C9A6-04A4-46AD-8238-2493A455723F}.Debug|Any CPU.ActiveCfg = Debug|Any CPU
		{D4D9C9A6-04A4-46AD-8238-2493A455723F}.Debug|Any CPU.Build.0 = Debug|Any CPU
		{D4D9C9A6-04A4-46AD-8238-2493A455723F}.Debug|Mixed Platforms.ActiveCfg = Debug|Any CPU
		{D4D9C9A6-04A4-46AD-8238-2493A455723F}.Debug|Mixed Platforms.Build.0 = Debug|Any CPU
		{D4D9C9A6-04A4-46AD-8238-2493A455723F}.Debug|x86.ActiveCfg = Debug|Any CPU
		{D4D9C9A6-04A4-46AD-8238-2493A455723F}.Release|Any CPU.ActiveCfg = Release|Any CPU
		{D4D9C9A6-04A4-46AD-8238-2493A455723F}.Release|Any CPU.Build.0 = Release|Any CPU
		{D4D9C9A6-04A4-46AD-8238-2493A455723F}.Release|Mixed Platforms.ActiveCfg = Release|Any CPU
		{D4D9C9A6-04A4-46AD-8238-2493A455723F}.Release|Mixed Platforms.Build.0 = Release|Any CPU
		{D4D9C9A6-04A4-46AD-8238-2493A455723F}.Release|x86.ActiveCfg = Release|Any CPU
		{E0897B7B-617A-4709-A4C6-FC0F6B441B2A}.Debug|Any CPU.ActiveCfg = Debug|Any CPU
		{E0897B7B-617A-4709-A4C6-FC0F6B441B2A}.Debug|Any CPU.Build.0 = Debug|Any CPU
		{E0897B7B-617A-4709-A4C6-FC0F6B441B2A}.Debug|Mixed Platforms.ActiveCfg = Debug|Any CPU
		{E0897B7B-617A-4709-A4C6-FC0F6B441B2A}.Debug|Mixed Platforms.Build.0 = Debug|Any CPU
		{E0897B7B-617A-4709-A4C6-FC0F6B441B2A}.Debug|x86.ActiveCfg = Debug|Any CPU
		{E0897B7B-617A-4709-A4C6-FC0F6B441B2A}.Release|Any CPU.ActiveCfg = Release|Any CPU
		{E0897B7B-617A-4709-A4C6-FC0F6B441B2A}.Release|Any CPU.Build.0 = Release|Any CPU
		{E0897B7B-617A-4709-A4C6-FC0F6B441B2A}.Release|Mixed Platforms.ActiveCfg = Release|Any CPU
		{E0897B7B-617A-4709-A4C6-FC0F6B441B2A}.Release|Mixed Platforms.Build.0 = Release|Any CPU
		{E0897B7B-617A-4709-A4C6-FC0F6B441B2A}.Release|x86.ActiveCfg = Release|Any CPU
		{E6C9A73D-4556-4220-9BC7-302A7EE64C1A}.Debug|Any CPU.ActiveCfg = Debug|Any CPU
		{E6C9A73D-4556-4220-9BC7-302A7EE64C1A}.Debug|Any CPU.Build.0 = Debug|Any CPU
		{E6C9A73D-4556-4220-9BC7-302A7EE64C1A}.Debug|Mixed Platforms.ActiveCfg = Debug|Any CPU
		{E6C9A73D-4556-4220-9BC7-302A7EE64C1A}.Debug|Mixed Platforms.Build.0 = Debug|Any CPU
		{E6C9A73D-4556-4220-9BC7-302A7EE64C1A}.Debug|x86.ActiveCfg = Debug|Any CPU
		{E6C9A73D-4556-4220-9BC7-302A7EE64C1A}.Release|Any CPU.ActiveCfg = Release|Any CPU
		{E6C9A73D-4556-4220-9BC7-302A7EE64C1A}.Release|Any CPU.Build.0 = Release|Any CPU
		{E6C9A73D-4556-4220-9BC7-302A7EE64C1A}.Release|Mixed Platforms.ActiveCfg = Release|Any CPU
		{E6C9A73D-4556-4220-9BC7-302A7EE64C1A}.Release|Mixed Platforms.Build.0 = Release|Any CPU
		{E6C9A73D-4556-4220-9BC7-302A7EE64C1A}.Release|x86.ActiveCfg = Release|Any CPU
		{FD6B879E-46B0-47BE-860E-BF0C11135590}.Debug|Any CPU.ActiveCfg = Debug|Any CPU
		{FD6B879E-46B0-47BE-860E-BF0C11135590}.Debug|Any CPU.Build.0 = Debug|Any CPU
		{FD6B879E-46B0-47BE-860E-BF0C11135590}.Debug|Mixed Platforms.ActiveCfg = Debug|Any CPU
		{FD6B879E-46B0-47BE-860E-BF0C11135590}.Debug|Mixed Platforms.Build.0 = Debug|Any CPU
		{FD6B879E-46B0-47BE-860E-BF0C11135590}.Debug|x86.ActiveCfg = Debug|Any CPU
		{FD6B879E-46B0-47BE-860E-BF0C11135590}.Release|Any CPU.ActiveCfg = Release|Any CPU
		{FD6B879E-46B0-47BE-860E-BF0C11135590}.Release|Any CPU.Build.0 = Release|Any CPU
		{FD6B879E-46B0-47BE-860E-BF0C11135590}.Release|Mixed Platforms.ActiveCfg = Release|Any CPU
		{FD6B879E-46B0-47BE-860E-BF0C11135590}.Release|Mixed Platforms.Build.0 = Release|Any CPU
		{FD6B879E-46B0-47BE-860E-BF0C11135590}.Release|x86.ActiveCfg = Release|Any CPU
		{FEC4EAD0-8A6E-4029-A537-EBD9F420B227}.Debug|Any CPU.ActiveCfg = Debug|Any CPU
		{FEC4EAD0-8A6E-4029-A537-EBD9F420B227}.Debug|Any CPU.Build.0 = Debug|Any CPU
		{FEC4EAD0-8A6E-4029-A537-EBD9F420B227}.Debug|Mixed Platforms.ActiveCfg = Debug|Any CPU
		{FEC4EAD0-8A6E-4029-A537-EBD9F420B227}.Debug|Mixed Platforms.Build.0 = Debug|Any CPU
		{FEC4EAD0-8A6E-4029-A537-EBD9F420B227}.Debug|x86.ActiveCfg = Debug|Any CPU
		{FEC4EAD0-8A6E-4029-A537-EBD9F420B227}.Release|Any CPU.ActiveCfg = Release|Any CPU
		{FEC4EAD0-8A6E-4029-A537-EBD9F420B227}.Release|Any CPU.Build.0 = Release|Any CPU
		{FEC4EAD0-8A6E-4029-A537-EBD9F420B227}.Release|Mixed Platforms.ActiveCfg = Release|Any CPU
		{FEC4EAD0-8A6E-4029-A537-EBD9F420B227}.Release|Mixed Platforms.Build.0 = Release|Any CPU
		{FEC4EAD0-8A6E-4029-A537-EBD9F420B227}.Release|x86.ActiveCfg = Release|Any CPU
		{FFC91B24-39AF-49AC-9A3A-900FBE1012ED}.Debug|Any CPU.ActiveCfg = Debug|Any CPU
		{FFC91B24-39AF-49AC-9A3A-900FBE1012ED}.Debug|Any CPU.Build.0 = Debug|Any CPU
		{FFC91B24-39AF-49AC-9A3A-900FBE1012ED}.Debug|Mixed Platforms.ActiveCfg = Debug|Any CPU
		{FFC91B24-39AF-49AC-9A3A-900FBE1012ED}.Debug|Mixed Platforms.Build.0 = Debug|Any CPU
		{FFC91B24-39AF-49AC-9A3A-900FBE1012ED}.Debug|x86.ActiveCfg = Debug|Any CPU
		{FFC91B24-39AF-49AC-9A3A-900FBE1012ED}.Release|Any CPU.ActiveCfg = Release|Any CPU
		{FFC91B24-39AF-49AC-9A3A-900FBE1012ED}.Release|Any CPU.Build.0 = Release|Any CPU
		{FFC91B24-39AF-49AC-9A3A-900FBE1012ED}.Release|Mixed Platforms.ActiveCfg = Release|Any CPU
		{FFC91B24-39AF-49AC-9A3A-900FBE1012ED}.Release|Mixed Platforms.Build.0 = Release|Any CPU
		{FFC91B24-39AF-49AC-9A3A-900FBE1012ED}.Release|x86.ActiveCfg = Release|Any CPU
		{617D9EB5-CA93-45D6-AA6B-5A012B7698AC}.Debug|Any CPU.ActiveCfg = Debug|Any CPU
		{617D9EB5-CA93-45D6-AA6B-5A012B7698AC}.Debug|Any CPU.Build.0 = Debug|Any CPU
		{617D9EB5-CA93-45D6-AA6B-5A012B7698AC}.Debug|Mixed Platforms.ActiveCfg = Debug|x86
		{617D9EB5-CA93-45D6-AA6B-5A012B7698AC}.Debug|Mixed Platforms.Build.0 = Debug|x86
		{617D9EB5-CA93-45D6-AA6B-5A012B7698AC}.Debug|x86.ActiveCfg = Debug|x86
		{617D9EB5-CA93-45D6-AA6B-5A012B7698AC}.Debug|x86.Build.0 = Debug|x86
		{617D9EB5-CA93-45D6-AA6B-5A012B7698AC}.Release|Any CPU.ActiveCfg = Release|Any CPU
		{617D9EB5-CA93-45D6-AA6B-5A012B7698AC}.Release|Any CPU.Build.0 = Release|Any CPU
		{617D9EB5-CA93-45D6-AA6B-5A012B7698AC}.Release|Mixed Platforms.ActiveCfg = Release|x86
		{617D9EB5-CA93-45D6-AA6B-5A012B7698AC}.Release|Mixed Platforms.Build.0 = Release|x86
		{617D9EB5-CA93-45D6-AA6B-5A012B7698AC}.Release|x86.ActiveCfg = Release|x86
		{617D9EB5-CA93-45D6-AA6B-5A012B7698AC}.Release|x86.Build.0 = Release|x86
		{BCBB72BD-0ECB-4FF2-8D91-E466361FB6F9}.Debug|Any CPU.ActiveCfg = Debug|Any CPU
		{BCBB72BD-0ECB-4FF2-8D91-E466361FB6F9}.Debug|Any CPU.Build.0 = Debug|Any CPU
		{BCBB72BD-0ECB-4FF2-8D91-E466361FB6F9}.Debug|Mixed Platforms.ActiveCfg = Debug|Any CPU
		{BCBB72BD-0ECB-4FF2-8D91-E466361FB6F9}.Debug|Mixed Platforms.Build.0 = Debug|Any CPU
		{BCBB72BD-0ECB-4FF2-8D91-E466361FB6F9}.Debug|x86.ActiveCfg = Debug|Any CPU
		{BCBB72BD-0ECB-4FF2-8D91-E466361FB6F9}.Release|Any CPU.ActiveCfg = Release|Any CPU
		{BCBB72BD-0ECB-4FF2-8D91-E466361FB6F9}.Release|Any CPU.Build.0 = Release|Any CPU
		{BCBB72BD-0ECB-4FF2-8D91-E466361FB6F9}.Release|Mixed Platforms.ActiveCfg = Release|Any CPU
		{BCBB72BD-0ECB-4FF2-8D91-E466361FB6F9}.Release|Mixed Platforms.Build.0 = Release|Any CPU
		{BCBB72BD-0ECB-4FF2-8D91-E466361FB6F9}.Release|x86.ActiveCfg = Release|Any CPU
		{118E40C4-323E-4B4B-8EF4-38EED6CC5E83}.Debug|Any CPU.ActiveCfg = Debug|Any CPU
		{118E40C4-323E-4B4B-8EF4-38EED6CC5E83}.Debug|Any CPU.Build.0 = Debug|Any CPU
		{118E40C4-323E-4B4B-8EF4-38EED6CC5E83}.Debug|Mixed Platforms.ActiveCfg = Debug|Any CPU
		{118E40C4-323E-4B4B-8EF4-38EED6CC5E83}.Debug|Mixed Platforms.Build.0 = Debug|Any CPU
		{118E40C4-323E-4B4B-8EF4-38EED6CC5E83}.Debug|x86.ActiveCfg = Debug|Any CPU
		{118E40C4-323E-4B4B-8EF4-38EED6CC5E83}.Release|Any CPU.ActiveCfg = Release|Any CPU
		{118E40C4-323E-4B4B-8EF4-38EED6CC5E83}.Release|Any CPU.Build.0 = Release|Any CPU
		{118E40C4-323E-4B4B-8EF4-38EED6CC5E83}.Release|Mixed Platforms.ActiveCfg = Release|Any CPU
		{118E40C4-323E-4B4B-8EF4-38EED6CC5E83}.Release|Mixed Platforms.Build.0 = Release|Any CPU
		{118E40C4-323E-4B4B-8EF4-38EED6CC5E83}.Release|x86.ActiveCfg = Release|Any CPU
		{4250B20B-2DC9-432F-B0C2-BD20B80B4970}.Debug|Any CPU.ActiveCfg = Debug|Any CPU
		{4250B20B-2DC9-432F-B0C2-BD20B80B4970}.Debug|Any CPU.Build.0 = Debug|Any CPU
		{4250B20B-2DC9-432F-B0C2-BD20B80B4970}.Debug|Mixed Platforms.ActiveCfg = Debug|Any CPU
		{4250B20B-2DC9-432F-B0C2-BD20B80B4970}.Debug|Mixed Platforms.Build.0 = Debug|Any CPU
		{4250B20B-2DC9-432F-B0C2-BD20B80B4970}.Debug|x86.ActiveCfg = Debug|Any CPU
		{4250B20B-2DC9-432F-B0C2-BD20B80B4970}.Release|Any CPU.ActiveCfg = Release|Any CPU
		{4250B20B-2DC9-432F-B0C2-BD20B80B4970}.Release|Any CPU.Build.0 = Release|Any CPU
		{4250B20B-2DC9-432F-B0C2-BD20B80B4970}.Release|Mixed Platforms.ActiveCfg = Release|Any CPU
		{4250B20B-2DC9-432F-B0C2-BD20B80B4970}.Release|Mixed Platforms.Build.0 = Release|Any CPU
		{4250B20B-2DC9-432F-B0C2-BD20B80B4970}.Release|x86.ActiveCfg = Release|Any CPU
		{D8E59ADD-B591-49AF-B18E-6E0D4581700C}.Debug|Any CPU.ActiveCfg = Debug|Any CPU
		{D8E59ADD-B591-49AF-B18E-6E0D4581700C}.Debug|Any CPU.Build.0 = Debug|Any CPU
		{D8E59ADD-B591-49AF-B18E-6E0D4581700C}.Debug|Mixed Platforms.ActiveCfg = Debug|Any CPU
		{D8E59ADD-B591-49AF-B18E-6E0D4581700C}.Debug|Mixed Platforms.Build.0 = Debug|Any CPU
		{D8E59ADD-B591-49AF-B18E-6E0D4581700C}.Debug|x86.ActiveCfg = Debug|Any CPU
		{D8E59ADD-B591-49AF-B18E-6E0D4581700C}.Release|Any CPU.ActiveCfg = Release|Any CPU
		{D8E59ADD-B591-49AF-B18E-6E0D4581700C}.Release|Any CPU.Build.0 = Release|Any CPU
		{D8E59ADD-B591-49AF-B18E-6E0D4581700C}.Release|Mixed Platforms.ActiveCfg = Release|Any CPU
		{D8E59ADD-B591-49AF-B18E-6E0D4581700C}.Release|Mixed Platforms.Build.0 = Release|Any CPU
		{D8E59ADD-B591-49AF-B18E-6E0D4581700C}.Release|x86.ActiveCfg = Release|Any CPU
		{9B5ABDC3-ADF7-42B7-ADE9-8DC715310492}.Debug|Any CPU.ActiveCfg = Debug|Any CPU
		{9B5ABDC3-ADF7-42B7-ADE9-8DC715310492}.Debug|Any CPU.Build.0 = Debug|Any CPU
		{9B5ABDC3-ADF7-42B7-ADE9-8DC715310492}.Debug|Mixed Platforms.ActiveCfg = Debug|Any CPU
		{9B5ABDC3-ADF7-42B7-ADE9-8DC715310492}.Debug|Mixed Platforms.Build.0 = Debug|Any CPU
		{9B5ABDC3-ADF7-42B7-ADE9-8DC715310492}.Debug|x86.ActiveCfg = Debug|Any CPU
		{9B5ABDC3-ADF7-42B7-ADE9-8DC715310492}.Release|Any CPU.ActiveCfg = Release|Any CPU
		{9B5ABDC3-ADF7-42B7-ADE9-8DC715310492}.Release|Any CPU.Build.0 = Release|Any CPU
		{9B5ABDC3-ADF7-42B7-ADE9-8DC715310492}.Release|Mixed Platforms.ActiveCfg = Release|Any CPU
		{9B5ABDC3-ADF7-42B7-ADE9-8DC715310492}.Release|Mixed Platforms.Build.0 = Release|Any CPU
		{9B5ABDC3-ADF7-42B7-ADE9-8DC715310492}.Release|x86.ActiveCfg = Release|Any CPU
	EndGlobalSection
	GlobalSection(NestedProjects) = preSolution
		{2D4737E6-6D95-408A-90DB-8DFF38147E85} = {15D19291-4200-4C30-A68A-0191B6F83BE1}
		{3F664673-7E22-4486-9AD0-FC81861D0B78} = {15D19291-4200-4C30-A68A-0191B6F83BE1}
		{8622EBC4-8E20-476E-B284-33D472081F5C} = {15D19291-4200-4C30-A68A-0191B6F83BE1}
		{BAC9FDFD-C39E-4A90-B9F8-CF75B551BE10} = {A935623A-E98E-43FF-BBE2-DAA61A587345}
		{6F0AB1AF-E1A1-4D19-B19C-05BBB15C94B2} = {A935623A-E98E-43FF-BBE2-DAA61A587345}
		{62CFC025-B8CF-42AA-880A-92F27377FCAF} = {A935623A-E98E-43FF-BBE2-DAA61A587345}
		{30467E5C-05BC-4856-AADC-13906EF4CADD} = {71CFF024-26F7-4626-A526-B435FDF8D64E}
		{7CA0A889-C1A1-4CEB-AA54-43A640B41C6C} = {71CFF024-26F7-4626-A526-B435FDF8D64E}
		{BE4D0BA3-0888-42A5-9C09-FC308A4509D2} = {71CFF024-26F7-4626-A526-B435FDF8D64E}
		{369CFD53-3E65-4A9E-8BDD-4CCD78BF3E33} = {71CFF024-26F7-4626-A526-B435FDF8D64E}
		{30A2F772-8EC1-425A-8D5D-36A0BE4D6B66} = {71CFF024-26F7-4626-A526-B435FDF8D64E}
		{3DC2C1F6-F332-4E55-BF6A-AED78A7C3FD2} = {71CFF024-26F7-4626-A526-B435FDF8D64E}
		{899E3DD6-EA65-4168-AAE3-867A4F9650A6} = {71CFF024-26F7-4626-A526-B435FDF8D64E}
		{19AEFD28-37E8-4FFD-B879-FEE57824689D} = {71CFF024-26F7-4626-A526-B435FDF8D64E}
		{76FD1306-9CA4-428F-993B-B7E4EEEACBF3} = {71CFF024-26F7-4626-A526-B435FDF8D64E}
		{26095090-3F7D-4DB5-A9BF-4C687230FC0F} = {71CFF024-26F7-4626-A526-B435FDF8D64E}
		{D4D9C9A6-04A4-46AD-8238-2493A455723F} = {71CFF024-26F7-4626-A526-B435FDF8D64E}
		{4FD9DB1D-76AA-48D1-8446-95376C4A2BC2} = {71CFF024-26F7-4626-A526-B435FDF8D64E}
		{10B9B771-9939-4D0B-8D47-501B6F60209F} = {71CFF024-26F7-4626-A526-B435FDF8D64E}
		{FEC4EAD0-8A6E-4029-A537-EBD9F420B227} = {71CFF024-26F7-4626-A526-B435FDF8D64E}
		{828C6BB6-3543-4EAF-B0F9-F11410AE8836} = {71CFF024-26F7-4626-A526-B435FDF8D64E}
		{1C24F4F8-9D94-4783-B5C0-11564D70B76A} = {71CFF024-26F7-4626-A526-B435FDF8D64E}
		{D3BBDA07-5088-454E-A16D-DA24D8D88037} = {71CFF024-26F7-4626-A526-B435FDF8D64E}
		{FFC91B24-39AF-49AC-9A3A-900FBE1012ED} = {71CFF024-26F7-4626-A526-B435FDF8D64E}
		{FD6B879E-46B0-47BE-860E-BF0C11135590} = {71CFF024-26F7-4626-A526-B435FDF8D64E}
		{41DBA506-177E-4B2D-8E6D-738E371326A1} = {71CFF024-26F7-4626-A526-B435FDF8D64E}
		{BED1EEAF-9ADD-46F6-92D0-53957858E25B} = {71CFF024-26F7-4626-A526-B435FDF8D64E}
		{9F1FDC26-5F1C-4C2A-BBBF-3A597A72802D} = {71CFF024-26F7-4626-A526-B435FDF8D64E}
		{E6C9A73D-4556-4220-9BC7-302A7EE64C1A} = {71CFF024-26F7-4626-A526-B435FDF8D64E}
		{E0897B7B-617A-4709-A4C6-FC0F6B441B2A} = {5A423A3E-51C5-4188-8AD5-FB5C0CB76C6A}
	EndGlobalSection
	GlobalSection(MonoDevelopProperties) = preSolution
		StartupItem = Libraries\UniversalEditor.Core\UniversalEditor.Core.csproj
	EndGlobalSection
	GlobalSection(SolutionProperties) = preSolution
		HideSolutionNode = FALSE
	EndGlobalSection
EndGlobal
