
Microsoft Visual Studio Solution File, Format Version 12.00
# Visual Studio 2012
Project("{2150E333-8FDC-42A3-9474-1A3956D46DE8}") = "Applications", "Applications", "{05D15661-E684-4EC9-8FBD-C014BA433CC5}"
EndProject
Project("{FAE04EC0-301F-11D3-BF4B-00C04F79EFBC}") = "UniversalEditor.Bootstrapper", "Applications\UniversalEditor.Bootstrapper\UniversalEditor.Bootstrapper.csproj", "{6F0AB1AF-E1A1-4D19-B19C-05BBB15C94B2}"
EndProject
Project("{FAE04EC0-301F-11D3-BF4B-00C04F79EFBC}") = "UniversalEditor.ConsoleBootstrapper", "Applications\UniversalEditor.ConsoleBootstrapper\UniversalEditor.ConsoleBootstrapper.csproj", "{62CFC025-B8CF-42AA-880A-92F27377FCAF}"
EndProject
Project("{FAE04EC0-301F-11D3-BF4B-00C04F79EFBC}") = "UniversalEditor.ConsoleApplication", "Applications\UniversalEditor.ConsoleApplication\UniversalEditor.ConsoleApplication.csproj", "{3E0A2DDA-4432-4CF9-915A-65483FD31927}"
EndProject
Project("{2150E333-8FDC-42A3-9474-1A3956D46DE8}") = "Libraries", "Libraries", "{0399182F-AF56-4E86-B229-EAB38C2EE6AF}"
EndProject
Project("{FAE04EC0-301F-11D3-BF4B-00C04F79EFBC}") = "UniversalEditor.Compression", "Libraries\UniversalEditor.Compression\UniversalEditor.Compression.csproj", "{3F664673-7E22-4486-9AD0-FC81861D0B78}"
EndProject
Project("{FAE04EC0-301F-11D3-BF4B-00C04F79EFBC}") = "UniversalEditor.Core", "Libraries\UniversalEditor.Core\UniversalEditor.Core.csproj", "{2D4737E6-6D95-408A-90DB-8DFF38147E85}"
EndProject
Project("{FAE04EC0-301F-11D3-BF4B-00C04F79EFBC}") = "UniversalEditor.Checksum", "Libraries\UniversalEditor.Checksum\UniversalEditor.Checksum.csproj", "{0F7D5BD4-7970-412F-ABD7-0A098BB01ACE}"
EndProject
Project("{FAE04EC0-301F-11D3-BF4B-00C04F79EFBC}") = "UniversalEditor.UserInterface", "Libraries\UniversalEditor.UserInterface\UniversalEditor.UserInterface.csproj", "{8622EBC4-8E20-476E-B284-33D472081F5C}"
EndProject
Project("{FAE04EC0-301F-11D3-BF4B-00C04F79EFBC}") = "UniversalEditor.Essential", "Libraries\UniversalEditor.Essential\UniversalEditor.Essential.csproj", "{30467E5C-05BC-4856-AADC-13906EF4CADD}"
EndProject
Project("{2150E333-8FDC-42A3-9474-1A3956D46DE8}") = "Dependencies", "Dependencies", "{20F315E0-52AE-479F-AF43-3402482C1FC8}"
EndProject
Project("{FAE04EC0-301F-11D3-BF4B-00C04F79EFBC}") = "MBS.Framework.UserInterface", "..\..\MBS.Framework.UserInterface\Libraries\MBS.Framework.UserInterface\MBS.Framework.UserInterface.csproj", "{29E1C1BB-3EA5-4062-B62F-85EEC703FE07}"
EndProject
Project("{FAE04EC0-301F-11D3-BF4B-00C04F79EFBC}") = "MBS.Framework.UserInterface.Engines.GTK", "..\..\MBS.Framework.UserInterface\Engines\GTK\MBS.Framework.UserInterface.Engines.GTK\MBS.Framework.UserInterface.Engines.GTK.csproj", "{62DC7CF9-C608-49E5-8C39-305B2E3E93F6}"
EndProject
Project("{FAE04EC0-301F-11D3-BF4B-00C04F79EFBC}") = "MBS.Framework", "..\..\MBS.Framework\MBS.Framework\MBS.Framework.csproj", "{23ACD09E-E096-4B05-A6CE-6853EDDC589A}"
EndProject
Project("{2150E333-8FDC-42A3-9474-1A3956D46DE8}") = "Plugins", "Plugins", "{2ED32D16-6C06-4450-909A-40D32DA67FB4}"
EndProject
Project("{FAE04EC0-301F-11D3-BF4B-00C04F79EFBC}") = "UniversalEditor.Plugins.Web", "Plugins\UniversalEditor.Plugins.Web\UniversalEditor.Plugins.Web.csproj", "{64089452-6A08-47A5-A857-BF418F80D4A3}"
EndProject
Project("{FAE04EC0-301F-11D3-BF4B-00C04F79EFBC}") = "UniversalEditor.Plugins.Multimedia", "Plugins\UniversalEditor.Plugins.Multimedia\UniversalEditor.Plugins.Multimedia.csproj", "{BE4D0BA3-0888-42A5-9C09-FC308A4509D2}"
EndProject
Project("{FAE04EC0-301F-11D3-BF4B-00C04F79EFBC}") = "UniversalEditor.Plugins.Abomination", "Plugins\UniversalEditor.Plugins.Abomination\UniversalEditor.Plugins.Abomination.csproj", "{D4D9C9A6-04A4-46AD-8238-2493A455723F}"
EndProject
Project("{FAE04EC0-301F-11D3-BF4B-00C04F79EFBC}") = "UniversalEditor.Plugins.AddressBook", "Plugins\UniversalEditor.Plugins.AddressBook\UniversalEditor.Plugins.AddressBook.csproj", "{AC2E7D52-E3C0-4C5A-A13E-B77F6D41C46E}"
EndProject
Project("{FAE04EC0-301F-11D3-BF4B-00C04F79EFBC}") = "UniversalEditor.Plugins.AniMiku", "Plugins\UniversalEditor.Plugins.AniMiku\UniversalEditor.Plugins.AniMiku.csproj", "{FEC4EAD0-8A6E-4029-A537-EBD9F420B227}"
EndProject
Project("{FAE04EC0-301F-11D3-BF4B-00C04F79EFBC}") = "UniversalEditor.Plugins.ArkAngles", "Plugins\UniversalEditor.Plugins.ArkAngles\UniversalEditor.Plugins.ArkAngles.csproj", "{21D14362-103A-4B38-8FB8-EEA6C7C89E09}"
EndProject
Project("{FAE04EC0-301F-11D3-BF4B-00C04F79EFBC}") = "UniversalEditor.Plugins.Avalanche", "Plugins\UniversalEditor.Plugins.Avalanche\UniversalEditor.Plugins.Avalanche.csproj", "{828C6BB6-3543-4EAF-B0F9-F11410AE8836}"
EndProject
Project("{FAE04EC0-301F-11D3-BF4B-00C04F79EFBC}") = "UniversalEditor.Plugins.ChaosWorks", "Plugins\UniversalEditor.Plugins.ChaosWorks\UniversalEditor.Plugins.ChaosWorks.csproj", "{30A2F772-8EC1-425A-8D5D-36A0BE4D6B66}"
EndProject
Project("{FAE04EC0-301F-11D3-BF4B-00C04F79EFBC}") = "UniversalEditor.Plugins.Concertroid", "Plugins\UniversalEditor.Plugins.Concertroid\UniversalEditor.Plugins.Concertroid.csproj", "{D3BBDA07-5088-454E-A16D-DA24D8D88037}"
EndProject
Project("{FAE04EC0-301F-11D3-BF4B-00C04F79EFBC}") = "UniversalEditor.Plugins.Cyberlore", "Plugins\UniversalEditor.Plugins.Cyberlore\UniversalEditor.Plugins.Cyberlore.csproj", "{41DBA506-177E-4B2D-8E6D-738E371326A1}"
EndProject
Project("{FAE04EC0-301F-11D3-BF4B-00C04F79EFBC}") = "UniversalEditor.Plugins.Descent", "Plugins\UniversalEditor.Plugins.Descent\UniversalEditor.Plugins.Descent.csproj", "{3DC2C1F6-F332-4E55-BF6A-AED78A7C3FD2}"
EndProject
Project("{FAE04EC0-301F-11D3-BF4B-00C04F79EFBC}") = "UniversalEditor.Plugins.Designer", "Plugins\UniversalEditor.Plugins.Designer\UniversalEditor.Plugins.Designer.csproj", "{899E3DD6-EA65-4168-AAE3-867A4F9650A6}"
EndProject
Project("{FAE04EC0-301F-11D3-BF4B-00C04F79EFBC}") = "UniversalEditor.Plugins.Executable", "Plugins\UniversalEditor.Plugins.Executable\UniversalEditor.Plugins.Executable.csproj", "{791A36F8-5D96-452B-89D2-78BA74596A1E}"
EndProject
Project("{FAE04EC0-301F-11D3-BF4B-00C04F79EFBC}") = "UniversalEditor.Plugins.FileSystem", "Plugins\UniversalEditor.Plugins.FileSystem\UniversalEditor.Plugins.FileSystem.csproj", "{76FD1306-9CA4-428F-993B-B7E4EEEACBF3}"
EndProject
Project("{FAE04EC0-301F-11D3-BF4B-00C04F79EFBC}") = "UniversalEditor.Plugins.Gainax", "Plugins\UniversalEditor.Plugins.Gainax\UniversalEditor.Plugins.Gainax.csproj", "{7BB04C9F-DC3F-448A-8FD3-9A6BB52BC886}"
EndProject
Project("{FAE04EC0-301F-11D3-BF4B-00C04F79EFBC}") = "UniversalEditor.Plugins.Icarus", "Plugins\UniversalEditor.Plugins.Icarus\UniversalEditor.Plugins.Icarus.csproj", "{B2DFA94A-A468-48A1-AB31-04EE432E7B2B}"
EndProject
Project("{FAE04EC0-301F-11D3-BF4B-00C04F79EFBC}") = "UniversalEditor.Plugins.Illusion", "Plugins\UniversalEditor.Plugins.Illusion\UniversalEditor.Plugins.Illusion.csproj", "{A968C097-44CE-42BA-B66C-CB3A871EE117}"
EndProject
Project("{FAE04EC0-301F-11D3-BF4B-00C04F79EFBC}") = "UniversalEditor.Plugins.InstallShield", "Plugins\UniversalEditor.Plugins.InstallShield\UniversalEditor.Plugins.InstallShield.csproj", "{04674541-23C2-4308-A9DF-DBC43AE99814}"
EndProject
Project("{FAE04EC0-301F-11D3-BF4B-00C04F79EFBC}") = "UniversalEditor.Plugins.KnowledgeAdventure", "Plugins\UniversalEditor.Plugins.KnowledgeAdventure\UniversalEditor.Plugins.KnowledgeAdventure.csproj", "{991F734F-D659-4252-8D2D-E6F828474861}"
EndProject
Project("{FAE04EC0-301F-11D3-BF4B-00C04F79EFBC}") = "UniversalEditor.Plugins.Kronosaur", "Plugins\UniversalEditor.Plugins.Kronosaur\UniversalEditor.Plugins.Kronosaur.csproj", "{47197929-1C1D-4F47-A08A-77FECD8879D6}"
EndProject
Project("{FAE04EC0-301F-11D3-BF4B-00C04F79EFBC}") = "UniversalEditor.Plugins.Lighting", "Plugins\UniversalEditor.Plugins.Lighting\UniversalEditor.Plugins.Lighting.csproj", "{1C24F4F8-9D94-4783-B5C0-11564D70B76A}"
EndProject
Project("{FAE04EC0-301F-11D3-BF4B-00C04F79EFBC}") = "UniversalEditor.Plugins.Michelangelo", "Plugins\UniversalEditor.Plugins.Michelangelo\UniversalEditor.Plugins.Michelangelo.csproj", "{D623EC26-1A04-4BFE-84EE-E738281499C0}"
EndProject
Project("{FAE04EC0-301F-11D3-BF4B-00C04F79EFBC}") = "UniversalEditor.Plugins.Microsoft", "Plugins\UniversalEditor.Plugins.Microsoft\UniversalEditor.Plugins.Microsoft.csproj", "{4698BC3F-EC29-42EB-9AED-3D8F9983A108}"
EndProject
Project("{FAE04EC0-301F-11D3-BF4B-00C04F79EFBC}") = "UniversalEditor.Plugins.Microsoft.Merlin", "Plugins\UniversalEditor.Plugins.Microsoft.Merlin\UniversalEditor.Plugins.Microsoft.Merlin.csproj", "{9F1FDC26-5F1C-4C2A-BBBF-3A597A72802D}"
EndProject
Project("{FAE04EC0-301F-11D3-BF4B-00C04F79EFBC}") = "UniversalEditor.Plugins.Microsoft.Setup", "Plugins\UniversalEditor.Plugins.Microsoft.Setup\UniversalEditor.Plugins.Microsoft.Setup.csproj", "{05127997-B7F3-4802-8021-06C048C8FE63}"
EndProject
Project("{FAE04EC0-301F-11D3-BF4B-00C04F79EFBC}") = "UniversalEditor.Plugins.Microsoft.VisualStudio", "Plugins\UniversalEditor.Plugins.Microsoft.VisualStudio\UniversalEditor.Plugins.Microsoft.VisualStudio.csproj", "{E6C9A73D-4556-4220-9BC7-302A7EE64C1A}"
EndProject
Project("{FAE04EC0-301F-11D3-BF4B-00C04F79EFBC}") = "UniversalEditor.Plugins.Monolith", "Plugins\UniversalEditor.Plugins.Monolith\UniversalEditor.Plugins.Monolith.csproj", "{988052D4-92F5-4A6F-BE1D-33852D1E5D1E}"
EndProject
Project("{FAE04EC0-301F-11D3-BF4B-00C04F79EFBC}") = "UniversalEditor.Plugins.Moosta", "Plugins\UniversalEditor.Plugins.Moosta\UniversalEditor.Plugins.Moosta.csproj", "{10B9B771-9939-4D0B-8D47-501B6F60209F}"
EndProject
Project("{FAE04EC0-301F-11D3-BF4B-00C04F79EFBC}") = "UniversalEditor.Plugins.Multimedia3D", "Plugins\UniversalEditor.Plugins.Multimedia3D\UniversalEditor.Plugins.Multimedia3D.csproj", "{4FD9DB1D-76AA-48D1-8446-95376C4A2BC2}"
EndProject
Project("{FAE04EC0-301F-11D3-BF4B-00C04F79EFBC}") = "UniversalEditor.Plugins.NamcoTales", "Plugins\UniversalEditor.Plugins.NamcoTales\UniversalEditor.Plugins.NamcoTales.csproj", "{19AEFD28-37E8-4FFD-B879-FEE57824689D}"
EndProject
Project("{FAE04EC0-301F-11D3-BF4B-00C04F79EFBC}") = "UniversalEditor.Plugins.NewWorldComputing", "Plugins\UniversalEditor.Plugins.NewWorldComputing\UniversalEditor.Plugins.NewWorldComputing.csproj", "{26095090-3F7D-4DB5-A9BF-4C687230FC0F}"
EndProject
Project("{FAE04EC0-301F-11D3-BF4B-00C04F79EFBC}") = "UniversalEditor.Plugins.Nintendo", "Plugins\UniversalEditor.Plugins.Nintendo\UniversalEditor.Plugins.Nintendo.csproj", "{E0B0223C-3E44-4D2A-9FED-F1A319D84D39}"
EndProject
Project("{FAE04EC0-301F-11D3-BF4B-00C04F79EFBC}") = "UniversalEditor.Plugins.OSLib", "Plugins\UniversalEditor.Plugins.OSLib\UniversalEditor.Plugins.OSLib.csproj", "{7CA0A889-C1A1-4CEB-AA54-43A640B41C6C}"
EndProject
Project("{FAE04EC0-301F-11D3-BF4B-00C04F79EFBC}") = "UniversalEditor.Plugins.RebelSoftware", "Plugins\UniversalEditor.Plugins.RebelSoftware\UniversalEditor.Plugins.RebelSoftware.csproj", "{311885BE-3FAF-430B-91B2-6EC135D3A8AB}"
EndProject
Project("{FAE04EC0-301F-11D3-BF4B-00C04F79EFBC}") = "UniversalEditor.Plugins.ReflexiveEntertainment", "Plugins\UniversalEditor.Plugins.ReflexiveEntertainment\UniversalEditor.Plugins.ReflexiveEntertainment.csproj", "{BED1EEAF-9ADD-46F6-92D0-53957858E25B}"
EndProject
Project("{FAE04EC0-301F-11D3-BF4B-00C04F79EFBC}") = "UniversalEditor.Plugins.SoftwareDevelopment", "Plugins\UniversalEditor.Plugins.SoftwareDevelopment\UniversalEditor.Plugins.SoftwareDevelopment.csproj", "{CC5C9010-83EF-491D-9262-2CED509D895D}"
EndProject
Project("{FAE04EC0-301F-11D3-BF4B-00C04F79EFBC}") = "UniversalEditor.Plugins.StoryWriter", "Plugins\UniversalEditor.Plugins.StoryWriter\UniversalEditor.Plugins.StoryWriter.csproj", "{7C861D40-8214-4DC5-89D1-129F267C1D1B}"
EndProject
Project("{FAE04EC0-301F-11D3-BF4B-00C04F79EFBC}") = "UniversalEditor.Plugins.UnrealEngine", "Plugins\UniversalEditor.Plugins.UnrealEngine\UniversalEditor.Plugins.UnrealEngine.csproj", "{DF96F24E-FED9-4BAC-8389-63590125DC61}"
EndProject
Project("{FAE04EC0-301F-11D3-BF4B-00C04F79EFBC}") = "UniversalEditor.Plugins.Valve", "Plugins\UniversalEditor.Plugins.Valve\UniversalEditor.Plugins.Valve.csproj", "{FD6B879E-46B0-47BE-860E-BF0C11135590}"
EndProject
Project("{FAE04EC0-301F-11D3-BF4B-00C04F79EFBC}") = "UniversalEditor.Plugins.VersatileContainer", "Plugins\UniversalEditor.Plugins.VersatileContainer\UniversalEditor.Plugins.VersatileContainer.csproj", "{FFC91B24-39AF-49AC-9A3A-900FBE1012ED}"
EndProject
Project("{FAE04EC0-301F-11D3-BF4B-00C04F79EFBC}") = "UniversalEditor.Plugins.Auraluminous", "..\..\Auraluminous\UniversalEditor.Plugins.Auraluminous\UniversalEditor.Plugins.Auraluminous.csproj", "{EF886E1A-D553-43DA-857C-29DA0D6E0DAE}"
EndProject
Project("{2150E333-8FDC-42A3-9474-1A3956D46DE8}") = "Content", "Content", "{4BC75679-085E-45DA-B00A-D9BA89D8748A}"
EndProject
Project("{FAE04EC0-301F-11D3-BF4B-00C04F79EFBC}") = "UniversalEditor.Content.PlatformIndependent", "Content\UniversalEditor.Content.PlatformIndependent\UniversalEditor.Content.PlatformIndependent.csproj", "{A5A14A71-5DB3-4495-92F6-8D27C98FF0F4}"
EndProject
Project("{2150E333-8FDC-42A3-9474-1A3956D46DE8}") = "Plugins.UserInterface", "Plugins.UserInterface", "{7B535D74-5496-4802-B809-89ED88274A91}"
EndProject
Project("{FAE04EC0-301F-11D3-BF4B-00C04F79EFBC}") = "UniversalEditor.Plugins.Executable.UserInterface", "Plugins.UserInterface\UniversalEditor.Plugins.Executable.UserInterface\UniversalEditor.Plugins.Executable.UserInterface.csproj", "{A127AC81-400A-4F3B-8C55-A8258CD6D3C6}"
EndProject
Project("{FAE04EC0-301F-11D3-BF4B-00C04F79EFBC}") = "UniversalEditor.Plugins.Multimedia.UserInterface", "Plugins.UserInterface\UniversalEditor.Plugins.Multimedia.UserInterface\UniversalEditor.Plugins.Multimedia.UserInterface.csproj", "{D9D5AC3B-9AC0-4D4E-B295-2134FDCF166C}"
EndProject
Project("{FAE04EC0-301F-11D3-BF4B-00C04F79EFBC}") = "UniversalEditor.Plugins.SoftwareDevelopment.UserInterface", "Plugins.UserInterface\UniversalEditor.Plugins.SoftwareDevelopment.UserInterface\UniversalEditor.Plugins.SoftwareDevelopment.UserInterface.csproj", "{5CC1FF25-44BF-4CD1-BD36-11E29EB21D19}"
EndProject
Project("{FAE04EC0-301F-11D3-BF4B-00C04F79EFBC}") = "UniversalEditor.Plugins.AddressBook.UserInterface", "Plugins.UserInterface\UniversalEditor.Plugins.AddressBook.UserInterface\UniversalEditor.Plugins.AddressBook.UserInterface.csproj", "{E94B6C34-660F-4280-AEEC-D28AC6A3F528}"
EndProject
Project("{FAE04EC0-301F-11D3-BF4B-00C04F79EFBC}") = "MBS.Framework.UserInterface.Engines.WindowsForms", "..\..\MBS.Framework.UserInterface\Engines\WindowsForms\MBS.Framework.UserInterface.Engines.WindowsForms\MBS.Framework.UserInterface.Engines.WindowsForms.csproj", "{B8573BB1-A0CD-41F4-A775-E0CB79555C59}"
EndProject
Project("{FAE04EC0-301F-11D3-BF4B-00C04F79EFBC}") = "UniversalEditor.Plugins.Genealogy", "Plugins\UniversalEditor.Plugins.Genealogy\UniversalEditor.Plugins.Genealogy.csproj", "{74A835FD-93B8-4268-B120-1ACAA128AC7B}"
EndProject
Project("{FAE04EC0-301F-11D3-BF4B-00C04F79EFBC}") = "UniversalEditor.Plugins.Genealogy.UserInterface", "Plugins.UserInterface\UniversalEditor.Plugins.Genealogy.UserInterface\UniversalEditor.Plugins.Genealogy.UserInterface.csproj", "{E6C8A539-F219-4BD0-A2F4-E7064ABF6777}"
EndProject
Project("{FAE04EC0-301F-11D3-BF4B-00C04F79EFBC}") = "UniversalEditor.TestProject", "Applications\UniversalEditor.TestProject\UniversalEditor.TestProject.csproj", "{242A32D8-9A3A-4FE3-902B-AB9C3154723A}"
EndProject
Project("{FAE04EC0-301F-11D3-BF4B-00C04F79EFBC}") = "UniversalEditor.Printing", "Libraries\UniversalEditor.Printing\UniversalEditor.Printing.csproj", "{868A6888-EDB9-407E-A710-40F297D4EAB8}"
EndProject
Project("{2150E333-8FDC-42A3-9474-1A3956D46DE8}") = "Plugins.Printing", "Plugins.Printing", "{FB678C6D-29A0-405B-BA86-E1EC12A96AA9}"
EndProject
Project("{FAE04EC0-301F-11D3-BF4B-00C04F79EFBC}") = "UniversalEditor.Plugins.Generic.Printing", "Plugins.Printing\UniversalEditor.Plugins.Generic.Printing\UniversalEditor.Plugins.Generic.Printing.csproj", "{A3231B32-A0E4-4B67-9A09-310B25BBB9B6}"
EndProject
Project("{FAE04EC0-301F-11D3-BF4B-00C04F79EFBC}") = "UniversalEditor.Plugins.MTP", "Plugins\UniversalEditor.Plugins.MTP\UniversalEditor.Plugins.MTP.csproj", "{EA724755-2670-4520-86AA-657C8A124DB7}"
EndProject
Global
	GlobalSection(SolutionConfigurationPlatforms) = preSolution
		Debug|Any CPU = Debug|Any CPU
		Release|Any CPU = Release|Any CPU
	EndGlobalSection
	GlobalSection(ProjectConfigurationPlatforms) = postSolution
		{04674541-23C2-4308-A9DF-DBC43AE99814}.Debug|Any CPU.ActiveCfg = Debug|Any CPU
		{04674541-23C2-4308-A9DF-DBC43AE99814}.Debug|Any CPU.Build.0 = Debug|Any CPU
		{04674541-23C2-4308-A9DF-DBC43AE99814}.Release|Any CPU.ActiveCfg = Release|Any CPU
		{04674541-23C2-4308-A9DF-DBC43AE99814}.Release|Any CPU.Build.0 = Release|Any CPU
		{05127997-B7F3-4802-8021-06C048C8FE63}.Debug|Any CPU.ActiveCfg = Debug|Any CPU
		{05127997-B7F3-4802-8021-06C048C8FE63}.Debug|Any CPU.Build.0 = Debug|Any CPU
		{05127997-B7F3-4802-8021-06C048C8FE63}.Release|Any CPU.ActiveCfg = Release|Any CPU
		{05127997-B7F3-4802-8021-06C048C8FE63}.Release|Any CPU.Build.0 = Release|Any CPU
		{0F7D5BD4-7970-412F-ABD7-0A098BB01ACE}.Debug|Any CPU.ActiveCfg = Debug|Any CPU
		{0F7D5BD4-7970-412F-ABD7-0A098BB01ACE}.Debug|Any CPU.Build.0 = Debug|Any CPU
		{0F7D5BD4-7970-412F-ABD7-0A098BB01ACE}.Release|Any CPU.ActiveCfg = Release|Any CPU
		{0F7D5BD4-7970-412F-ABD7-0A098BB01ACE}.Release|Any CPU.Build.0 = Release|Any CPU
		{10B9B771-9939-4D0B-8D47-501B6F60209F}.Debug|Any CPU.ActiveCfg = Debug|Any CPU
		{10B9B771-9939-4D0B-8D47-501B6F60209F}.Debug|Any CPU.Build.0 = Debug|Any CPU
		{10B9B771-9939-4D0B-8D47-501B6F60209F}.Release|Any CPU.ActiveCfg = Release|Any CPU
		{10B9B771-9939-4D0B-8D47-501B6F60209F}.Release|Any CPU.Build.0 = Release|Any CPU
		{19AEFD28-37E8-4FFD-B879-FEE57824689D}.Debug|Any CPU.ActiveCfg = Debug|Any CPU
		{19AEFD28-37E8-4FFD-B879-FEE57824689D}.Debug|Any CPU.Build.0 = Debug|Any CPU
		{19AEFD28-37E8-4FFD-B879-FEE57824689D}.Release|Any CPU.ActiveCfg = Release|Any CPU
		{19AEFD28-37E8-4FFD-B879-FEE57824689D}.Release|Any CPU.Build.0 = Release|Any CPU
		{1C24F4F8-9D94-4783-B5C0-11564D70B76A}.Debug|Any CPU.ActiveCfg = Debug|Any CPU
		{1C24F4F8-9D94-4783-B5C0-11564D70B76A}.Debug|Any CPU.Build.0 = Debug|Any CPU
		{1C24F4F8-9D94-4783-B5C0-11564D70B76A}.Release|Any CPU.ActiveCfg = Release|Any CPU
		{1C24F4F8-9D94-4783-B5C0-11564D70B76A}.Release|Any CPU.Build.0 = Release|Any CPU
		{21D14362-103A-4B38-8FB8-EEA6C7C89E09}.Debug|Any CPU.ActiveCfg = Debug|Any CPU
		{21D14362-103A-4B38-8FB8-EEA6C7C89E09}.Debug|Any CPU.Build.0 = Debug|Any CPU
		{21D14362-103A-4B38-8FB8-EEA6C7C89E09}.Release|Any CPU.ActiveCfg = Release|Any CPU
		{21D14362-103A-4B38-8FB8-EEA6C7C89E09}.Release|Any CPU.Build.0 = Release|Any CPU
		{23ACD09E-E096-4B05-A6CE-6853EDDC589A}.Debug|Any CPU.ActiveCfg = Debug|Any CPU
		{23ACD09E-E096-4B05-A6CE-6853EDDC589A}.Debug|Any CPU.Build.0 = Debug|Any CPU
		{23ACD09E-E096-4B05-A6CE-6853EDDC589A}.Release|Any CPU.ActiveCfg = Release|Any CPU
		{23ACD09E-E096-4B05-A6CE-6853EDDC589A}.Release|Any CPU.Build.0 = Release|Any CPU
		{26095090-3F7D-4DB5-A9BF-4C687230FC0F}.Debug|Any CPU.ActiveCfg = Debug|Any CPU
		{26095090-3F7D-4DB5-A9BF-4C687230FC0F}.Debug|Any CPU.Build.0 = Debug|Any CPU
		{26095090-3F7D-4DB5-A9BF-4C687230FC0F}.Release|Any CPU.ActiveCfg = Release|Any CPU
		{26095090-3F7D-4DB5-A9BF-4C687230FC0F}.Release|Any CPU.Build.0 = Release|Any CPU
		{29E1C1BB-3EA5-4062-B62F-85EEC703FE07}.Debug|Any CPU.ActiveCfg = Debug|Any CPU
		{29E1C1BB-3EA5-4062-B62F-85EEC703FE07}.Debug|Any CPU.Build.0 = Debug|Any CPU
		{29E1C1BB-3EA5-4062-B62F-85EEC703FE07}.Release|Any CPU.ActiveCfg = Release|Any CPU
		{29E1C1BB-3EA5-4062-B62F-85EEC703FE07}.Release|Any CPU.Build.0 = Release|Any CPU
		{2D4737E6-6D95-408A-90DB-8DFF38147E85}.Debug|Any CPU.ActiveCfg = Debug|Any CPU
		{2D4737E6-6D95-408A-90DB-8DFF38147E85}.Debug|Any CPU.Build.0 = Debug|Any CPU
		{2D4737E6-6D95-408A-90DB-8DFF38147E85}.Release|Any CPU.ActiveCfg = Release|Any CPU
		{2D4737E6-6D95-408A-90DB-8DFF38147E85}.Release|Any CPU.Build.0 = Release|Any CPU
		{30467E5C-05BC-4856-AADC-13906EF4CADD}.Debug|Any CPU.ActiveCfg = Debug|Any CPU
		{30467E5C-05BC-4856-AADC-13906EF4CADD}.Debug|Any CPU.Build.0 = Debug|Any CPU
		{30467E5C-05BC-4856-AADC-13906EF4CADD}.Release|Any CPU.ActiveCfg = Release|Any CPU
		{30467E5C-05BC-4856-AADC-13906EF4CADD}.Release|Any CPU.Build.0 = Release|Any CPU
		{30A2F772-8EC1-425A-8D5D-36A0BE4D6B66}.Debug|Any CPU.ActiveCfg = Debug|Any CPU
		{30A2F772-8EC1-425A-8D5D-36A0BE4D6B66}.Debug|Any CPU.Build.0 = Debug|Any CPU
		{30A2F772-8EC1-425A-8D5D-36A0BE4D6B66}.Release|Any CPU.ActiveCfg = Release|Any CPU
		{30A2F772-8EC1-425A-8D5D-36A0BE4D6B66}.Release|Any CPU.Build.0 = Release|Any CPU
		{311885BE-3FAF-430B-91B2-6EC135D3A8AB}.Debug|Any CPU.ActiveCfg = Debug|Any CPU
		{311885BE-3FAF-430B-91B2-6EC135D3A8AB}.Debug|Any CPU.Build.0 = Debug|Any CPU
		{311885BE-3FAF-430B-91B2-6EC135D3A8AB}.Release|Any CPU.ActiveCfg = Release|Any CPU
		{311885BE-3FAF-430B-91B2-6EC135D3A8AB}.Release|Any CPU.Build.0 = Release|Any CPU
		{3DC2C1F6-F332-4E55-BF6A-AED78A7C3FD2}.Debug|Any CPU.ActiveCfg = Debug|Any CPU
		{3DC2C1F6-F332-4E55-BF6A-AED78A7C3FD2}.Debug|Any CPU.Build.0 = Debug|Any CPU
		{3DC2C1F6-F332-4E55-BF6A-AED78A7C3FD2}.Release|Any CPU.ActiveCfg = Release|Any CPU
		{3DC2C1F6-F332-4E55-BF6A-AED78A7C3FD2}.Release|Any CPU.Build.0 = Release|Any CPU
		{3E0A2DDA-4432-4CF9-915A-65483FD31927}.Debug|Any CPU.ActiveCfg = Debug|Any CPU
		{3E0A2DDA-4432-4CF9-915A-65483FD31927}.Debug|Any CPU.Build.0 = Debug|Any CPU
		{3E0A2DDA-4432-4CF9-915A-65483FD31927}.Release|Any CPU.ActiveCfg = Release|Any CPU
		{3E0A2DDA-4432-4CF9-915A-65483FD31927}.Release|Any CPU.Build.0 = Release|Any CPU
		{3F664673-7E22-4486-9AD0-FC81861D0B78}.Debug|Any CPU.ActiveCfg = Debug|Any CPU
		{3F664673-7E22-4486-9AD0-FC81861D0B78}.Debug|Any CPU.Build.0 = Debug|Any CPU
		{3F664673-7E22-4486-9AD0-FC81861D0B78}.Release|Any CPU.ActiveCfg = Release|Any CPU
		{3F664673-7E22-4486-9AD0-FC81861D0B78}.Release|Any CPU.Build.0 = Release|Any CPU
		{41DBA506-177E-4B2D-8E6D-738E371326A1}.Debug|Any CPU.ActiveCfg = Debug|Any CPU
		{41DBA506-177E-4B2D-8E6D-738E371326A1}.Debug|Any CPU.Build.0 = Debug|Any CPU
		{41DBA506-177E-4B2D-8E6D-738E371326A1}.Release|Any CPU.ActiveCfg = Release|Any CPU
		{41DBA506-177E-4B2D-8E6D-738E371326A1}.Release|Any CPU.Build.0 = Release|Any CPU
		{4698BC3F-EC29-42EB-9AED-3D8F9983A108}.Debug|Any CPU.ActiveCfg = Debug|Any CPU
		{4698BC3F-EC29-42EB-9AED-3D8F9983A108}.Debug|Any CPU.Build.0 = Debug|Any CPU
		{4698BC3F-EC29-42EB-9AED-3D8F9983A108}.Release|Any CPU.ActiveCfg = Release|Any CPU
		{4698BC3F-EC29-42EB-9AED-3D8F9983A108}.Release|Any CPU.Build.0 = Release|Any CPU
		{47197929-1C1D-4F47-A08A-77FECD8879D6}.Debug|Any CPU.ActiveCfg = Debug|Any CPU
		{47197929-1C1D-4F47-A08A-77FECD8879D6}.Debug|Any CPU.Build.0 = Debug|Any CPU
		{47197929-1C1D-4F47-A08A-77FECD8879D6}.Release|Any CPU.ActiveCfg = Release|Any CPU
		{47197929-1C1D-4F47-A08A-77FECD8879D6}.Release|Any CPU.Build.0 = Release|Any CPU
		{4FD9DB1D-76AA-48D1-8446-95376C4A2BC2}.Debug|Any CPU.ActiveCfg = Debug|Any CPU
		{4FD9DB1D-76AA-48D1-8446-95376C4A2BC2}.Debug|Any CPU.Build.0 = Debug|Any CPU
		{4FD9DB1D-76AA-48D1-8446-95376C4A2BC2}.Release|Any CPU.ActiveCfg = Release|Any CPU
		{4FD9DB1D-76AA-48D1-8446-95376C4A2BC2}.Release|Any CPU.Build.0 = Release|Any CPU
		{5CC1FF25-44BF-4CD1-BD36-11E29EB21D19}.Debug|Any CPU.ActiveCfg = Debug|Any CPU
		{5CC1FF25-44BF-4CD1-BD36-11E29EB21D19}.Debug|Any CPU.Build.0 = Debug|Any CPU
		{5CC1FF25-44BF-4CD1-BD36-11E29EB21D19}.Release|Any CPU.ActiveCfg = Release|Any CPU
		{5CC1FF25-44BF-4CD1-BD36-11E29EB21D19}.Release|Any CPU.Build.0 = Release|Any CPU
		{62CFC025-B8CF-42AA-880A-92F27377FCAF}.Debug|Any CPU.ActiveCfg = Debug|Any CPU
		{62CFC025-B8CF-42AA-880A-92F27377FCAF}.Debug|Any CPU.Build.0 = Debug|Any CPU
		{62CFC025-B8CF-42AA-880A-92F27377FCAF}.Release|Any CPU.ActiveCfg = Release|Any CPU
		{62CFC025-B8CF-42AA-880A-92F27377FCAF}.Release|Any CPU.Build.0 = Release|Any CPU
		{62DC7CF9-C608-49E5-8C39-305B2E3E93F6}.Debug|Any CPU.ActiveCfg = Debug|Any CPU
		{62DC7CF9-C608-49E5-8C39-305B2E3E93F6}.Debug|Any CPU.Build.0 = Debug|Any CPU
		{62DC7CF9-C608-49E5-8C39-305B2E3E93F6}.Release|Any CPU.ActiveCfg = Release|Any CPU
		{62DC7CF9-C608-49E5-8C39-305B2E3E93F6}.Release|Any CPU.Build.0 = Release|Any CPU
		{64089452-6A08-47A5-A857-BF418F80D4A3}.Debug|Any CPU.ActiveCfg = Debug|Any CPU
		{64089452-6A08-47A5-A857-BF418F80D4A3}.Debug|Any CPU.Build.0 = Debug|Any CPU
		{64089452-6A08-47A5-A857-BF418F80D4A3}.Release|Any CPU.ActiveCfg = Release|Any CPU
		{64089452-6A08-47A5-A857-BF418F80D4A3}.Release|Any CPU.Build.0 = Release|Any CPU
		{6F0AB1AF-E1A1-4D19-B19C-05BBB15C94B2}.Debug|Any CPU.ActiveCfg = Debug|Any CPU
		{6F0AB1AF-E1A1-4D19-B19C-05BBB15C94B2}.Debug|Any CPU.Build.0 = Debug|Any CPU
		{6F0AB1AF-E1A1-4D19-B19C-05BBB15C94B2}.Release|Any CPU.ActiveCfg = Release|Any CPU
		{6F0AB1AF-E1A1-4D19-B19C-05BBB15C94B2}.Release|Any CPU.Build.0 = Release|Any CPU
		{76FD1306-9CA4-428F-993B-B7E4EEEACBF3}.Debug|Any CPU.ActiveCfg = Debug|Any CPU
		{76FD1306-9CA4-428F-993B-B7E4EEEACBF3}.Debug|Any CPU.Build.0 = Debug|Any CPU
		{76FD1306-9CA4-428F-993B-B7E4EEEACBF3}.Release|Any CPU.ActiveCfg = Release|Any CPU
		{76FD1306-9CA4-428F-993B-B7E4EEEACBF3}.Release|Any CPU.Build.0 = Release|Any CPU
		{791A36F8-5D96-452B-89D2-78BA74596A1E}.Debug|Any CPU.ActiveCfg = Debug|Any CPU
		{791A36F8-5D96-452B-89D2-78BA74596A1E}.Debug|Any CPU.Build.0 = Debug|Any CPU
		{791A36F8-5D96-452B-89D2-78BA74596A1E}.Release|Any CPU.ActiveCfg = Release|Any CPU
		{791A36F8-5D96-452B-89D2-78BA74596A1E}.Release|Any CPU.Build.0 = Release|Any CPU
		{7BB04C9F-DC3F-448A-8FD3-9A6BB52BC886}.Debug|Any CPU.ActiveCfg = Debug|Any CPU
		{7BB04C9F-DC3F-448A-8FD3-9A6BB52BC886}.Debug|Any CPU.Build.0 = Debug|Any CPU
		{7BB04C9F-DC3F-448A-8FD3-9A6BB52BC886}.Release|Any CPU.ActiveCfg = Release|Any CPU
		{7BB04C9F-DC3F-448A-8FD3-9A6BB52BC886}.Release|Any CPU.Build.0 = Release|Any CPU
		{7C861D40-8214-4DC5-89D1-129F267C1D1B}.Debug|Any CPU.ActiveCfg = Debug|Any CPU
		{7C861D40-8214-4DC5-89D1-129F267C1D1B}.Debug|Any CPU.Build.0 = Debug|Any CPU
		{7C861D40-8214-4DC5-89D1-129F267C1D1B}.Release|Any CPU.ActiveCfg = Release|Any CPU
		{7C861D40-8214-4DC5-89D1-129F267C1D1B}.Release|Any CPU.Build.0 = Release|Any CPU
		{7CA0A889-C1A1-4CEB-AA54-43A640B41C6C}.Debug|Any CPU.ActiveCfg = Debug|Any CPU
		{7CA0A889-C1A1-4CEB-AA54-43A640B41C6C}.Debug|Any CPU.Build.0 = Debug|Any CPU
		{7CA0A889-C1A1-4CEB-AA54-43A640B41C6C}.Release|Any CPU.ActiveCfg = Release|Any CPU
		{7CA0A889-C1A1-4CEB-AA54-43A640B41C6C}.Release|Any CPU.Build.0 = Release|Any CPU
		{828C6BB6-3543-4EAF-B0F9-F11410AE8836}.Debug|Any CPU.ActiveCfg = Debug|Any CPU
		{828C6BB6-3543-4EAF-B0F9-F11410AE8836}.Debug|Any CPU.Build.0 = Debug|Any CPU
		{828C6BB6-3543-4EAF-B0F9-F11410AE8836}.Release|Any CPU.ActiveCfg = Release|Any CPU
		{828C6BB6-3543-4EAF-B0F9-F11410AE8836}.Release|Any CPU.Build.0 = Release|Any CPU
		{8622EBC4-8E20-476E-B284-33D472081F5C}.Debug|Any CPU.ActiveCfg = Debug|Any CPU
		{8622EBC4-8E20-476E-B284-33D472081F5C}.Debug|Any CPU.Build.0 = Debug|Any CPU
		{8622EBC4-8E20-476E-B284-33D472081F5C}.Release|Any CPU.ActiveCfg = Release|Any CPU
		{8622EBC4-8E20-476E-B284-33D472081F5C}.Release|Any CPU.Build.0 = Release|Any CPU
		{899E3DD6-EA65-4168-AAE3-867A4F9650A6}.Debug|Any CPU.ActiveCfg = Debug|Any CPU
		{899E3DD6-EA65-4168-AAE3-867A4F9650A6}.Debug|Any CPU.Build.0 = Debug|Any CPU
		{899E3DD6-EA65-4168-AAE3-867A4F9650A6}.Release|Any CPU.ActiveCfg = Release|Any CPU
		{899E3DD6-EA65-4168-AAE3-867A4F9650A6}.Release|Any CPU.Build.0 = Release|Any CPU
		{988052D4-92F5-4A6F-BE1D-33852D1E5D1E}.Debug|Any CPU.ActiveCfg = Debug|Any CPU
		{988052D4-92F5-4A6F-BE1D-33852D1E5D1E}.Debug|Any CPU.Build.0 = Debug|Any CPU
		{988052D4-92F5-4A6F-BE1D-33852D1E5D1E}.Release|Any CPU.ActiveCfg = Release|Any CPU
		{988052D4-92F5-4A6F-BE1D-33852D1E5D1E}.Release|Any CPU.Build.0 = Release|Any CPU
		{991F734F-D659-4252-8D2D-E6F828474861}.Debug|Any CPU.ActiveCfg = Debug|Any CPU
		{991F734F-D659-4252-8D2D-E6F828474861}.Debug|Any CPU.Build.0 = Debug|Any CPU
		{991F734F-D659-4252-8D2D-E6F828474861}.Release|Any CPU.ActiveCfg = Release|Any CPU
		{991F734F-D659-4252-8D2D-E6F828474861}.Release|Any CPU.Build.0 = Release|Any CPU
		{9F1FDC26-5F1C-4C2A-BBBF-3A597A72802D}.Debug|Any CPU.ActiveCfg = Debug|Any CPU
		{9F1FDC26-5F1C-4C2A-BBBF-3A597A72802D}.Debug|Any CPU.Build.0 = Debug|Any CPU
		{9F1FDC26-5F1C-4C2A-BBBF-3A597A72802D}.Release|Any CPU.ActiveCfg = Release|Any CPU
		{9F1FDC26-5F1C-4C2A-BBBF-3A597A72802D}.Release|Any CPU.Build.0 = Release|Any CPU
		{A127AC81-400A-4F3B-8C55-A8258CD6D3C6}.Debug|Any CPU.ActiveCfg = Debug|Any CPU
		{A127AC81-400A-4F3B-8C55-A8258CD6D3C6}.Debug|Any CPU.Build.0 = Debug|Any CPU
		{A127AC81-400A-4F3B-8C55-A8258CD6D3C6}.Release|Any CPU.ActiveCfg = Release|Any CPU
		{A127AC81-400A-4F3B-8C55-A8258CD6D3C6}.Release|Any CPU.Build.0 = Release|Any CPU
		{A5A14A71-5DB3-4495-92F6-8D27C98FF0F4}.Debug|Any CPU.ActiveCfg = Debug|Any CPU
		{A5A14A71-5DB3-4495-92F6-8D27C98FF0F4}.Debug|Any CPU.Build.0 = Debug|Any CPU
		{A5A14A71-5DB3-4495-92F6-8D27C98FF0F4}.Release|Any CPU.ActiveCfg = Release|Any CPU
		{A5A14A71-5DB3-4495-92F6-8D27C98FF0F4}.Release|Any CPU.Build.0 = Release|Any CPU
		{A968C097-44CE-42BA-B66C-CB3A871EE117}.Debug|Any CPU.ActiveCfg = Debug|Any CPU
		{A968C097-44CE-42BA-B66C-CB3A871EE117}.Debug|Any CPU.Build.0 = Debug|Any CPU
		{A968C097-44CE-42BA-B66C-CB3A871EE117}.Release|Any CPU.ActiveCfg = Release|Any CPU
		{A968C097-44CE-42BA-B66C-CB3A871EE117}.Release|Any CPU.Build.0 = Release|Any CPU
		{AC2E7D52-E3C0-4C5A-A13E-B77F6D41C46E}.Debug|Any CPU.ActiveCfg = Debug|Any CPU
		{AC2E7D52-E3C0-4C5A-A13E-B77F6D41C46E}.Debug|Any CPU.Build.0 = Debug|Any CPU
		{AC2E7D52-E3C0-4C5A-A13E-B77F6D41C46E}.Release|Any CPU.ActiveCfg = Release|Any CPU
		{AC2E7D52-E3C0-4C5A-A13E-B77F6D41C46E}.Release|Any CPU.Build.0 = Release|Any CPU
		{B2DFA94A-A468-48A1-AB31-04EE432E7B2B}.Debug|Any CPU.ActiveCfg = Debug|Any CPU
		{B2DFA94A-A468-48A1-AB31-04EE432E7B2B}.Debug|Any CPU.Build.0 = Debug|Any CPU
		{B2DFA94A-A468-48A1-AB31-04EE432E7B2B}.Release|Any CPU.ActiveCfg = Release|Any CPU
		{B2DFA94A-A468-48A1-AB31-04EE432E7B2B}.Release|Any CPU.Build.0 = Release|Any CPU
		{BE4D0BA3-0888-42A5-9C09-FC308A4509D2}.Debug|Any CPU.ActiveCfg = Debug|Any CPU
		{BE4D0BA3-0888-42A5-9C09-FC308A4509D2}.Debug|Any CPU.Build.0 = Debug|Any CPU
		{BE4D0BA3-0888-42A5-9C09-FC308A4509D2}.Release|Any CPU.ActiveCfg = Release|Any CPU
		{BE4D0BA3-0888-42A5-9C09-FC308A4509D2}.Release|Any CPU.Build.0 = Release|Any CPU
		{BED1EEAF-9ADD-46F6-92D0-53957858E25B}.Debug|Any CPU.ActiveCfg = Debug|Any CPU
		{BED1EEAF-9ADD-46F6-92D0-53957858E25B}.Debug|Any CPU.Build.0 = Debug|Any CPU
		{BED1EEAF-9ADD-46F6-92D0-53957858E25B}.Release|Any CPU.ActiveCfg = Release|Any CPU
		{BED1EEAF-9ADD-46F6-92D0-53957858E25B}.Release|Any CPU.Build.0 = Release|Any CPU
		{CC5C9010-83EF-491D-9262-2CED509D895D}.Debug|Any CPU.ActiveCfg = Debug|Any CPU
		{CC5C9010-83EF-491D-9262-2CED509D895D}.Debug|Any CPU.Build.0 = Debug|Any CPU
		{CC5C9010-83EF-491D-9262-2CED509D895D}.Release|Any CPU.ActiveCfg = Release|Any CPU
		{CC5C9010-83EF-491D-9262-2CED509D895D}.Release|Any CPU.Build.0 = Release|Any CPU
		{D3BBDA07-5088-454E-A16D-DA24D8D88037}.Debug|Any CPU.ActiveCfg = Debug|Any CPU
		{D3BBDA07-5088-454E-A16D-DA24D8D88037}.Debug|Any CPU.Build.0 = Debug|Any CPU
		{D3BBDA07-5088-454E-A16D-DA24D8D88037}.Release|Any CPU.ActiveCfg = Release|Any CPU
		{D3BBDA07-5088-454E-A16D-DA24D8D88037}.Release|Any CPU.Build.0 = Release|Any CPU
		{D4D9C9A6-04A4-46AD-8238-2493A455723F}.Debug|Any CPU.ActiveCfg = Debug|Any CPU
		{D4D9C9A6-04A4-46AD-8238-2493A455723F}.Debug|Any CPU.Build.0 = Debug|Any CPU
		{D4D9C9A6-04A4-46AD-8238-2493A455723F}.Release|Any CPU.ActiveCfg = Release|Any CPU
		{D4D9C9A6-04A4-46AD-8238-2493A455723F}.Release|Any CPU.Build.0 = Release|Any CPU
		{D623EC26-1A04-4BFE-84EE-E738281499C0}.Debug|Any CPU.ActiveCfg = Debug|Any CPU
		{D623EC26-1A04-4BFE-84EE-E738281499C0}.Debug|Any CPU.Build.0 = Debug|Any CPU
		{D623EC26-1A04-4BFE-84EE-E738281499C0}.Release|Any CPU.ActiveCfg = Release|Any CPU
		{D623EC26-1A04-4BFE-84EE-E738281499C0}.Release|Any CPU.Build.0 = Release|Any CPU
		{D9D5AC3B-9AC0-4D4E-B295-2134FDCF166C}.Debug|Any CPU.ActiveCfg = Debug|Any CPU
		{D9D5AC3B-9AC0-4D4E-B295-2134FDCF166C}.Debug|Any CPU.Build.0 = Debug|Any CPU
		{D9D5AC3B-9AC0-4D4E-B295-2134FDCF166C}.Release|Any CPU.ActiveCfg = Release|Any CPU
		{D9D5AC3B-9AC0-4D4E-B295-2134FDCF166C}.Release|Any CPU.Build.0 = Release|Any CPU
		{DF96F24E-FED9-4BAC-8389-63590125DC61}.Debug|Any CPU.ActiveCfg = Debug|Any CPU
		{DF96F24E-FED9-4BAC-8389-63590125DC61}.Debug|Any CPU.Build.0 = Debug|Any CPU
		{DF96F24E-FED9-4BAC-8389-63590125DC61}.Release|Any CPU.ActiveCfg = Release|Any CPU
		{DF96F24E-FED9-4BAC-8389-63590125DC61}.Release|Any CPU.Build.0 = Release|Any CPU
		{E0B0223C-3E44-4D2A-9FED-F1A319D84D39}.Debug|Any CPU.ActiveCfg = Debug|Any CPU
		{E0B0223C-3E44-4D2A-9FED-F1A319D84D39}.Debug|Any CPU.Build.0 = Debug|Any CPU
		{E0B0223C-3E44-4D2A-9FED-F1A319D84D39}.Release|Any CPU.ActiveCfg = Release|Any CPU
		{E0B0223C-3E44-4D2A-9FED-F1A319D84D39}.Release|Any CPU.Build.0 = Release|Any CPU
		{E6C9A73D-4556-4220-9BC7-302A7EE64C1A}.Debug|Any CPU.ActiveCfg = Debug|Any CPU
		{E6C9A73D-4556-4220-9BC7-302A7EE64C1A}.Debug|Any CPU.Build.0 = Debug|Any CPU
		{E6C9A73D-4556-4220-9BC7-302A7EE64C1A}.Release|Any CPU.ActiveCfg = Release|Any CPU
		{E6C9A73D-4556-4220-9BC7-302A7EE64C1A}.Release|Any CPU.Build.0 = Release|Any CPU
		{E94B6C34-660F-4280-AEEC-D28AC6A3F528}.Debug|Any CPU.ActiveCfg = Debug|Any CPU
		{E94B6C34-660F-4280-AEEC-D28AC6A3F528}.Debug|Any CPU.Build.0 = Debug|Any CPU
		{E94B6C34-660F-4280-AEEC-D28AC6A3F528}.Release|Any CPU.ActiveCfg = Release|Any CPU
		{E94B6C34-660F-4280-AEEC-D28AC6A3F528}.Release|Any CPU.Build.0 = Release|Any CPU
		{EF886E1A-D553-43DA-857C-29DA0D6E0DAE}.Debug|Any CPU.ActiveCfg = Debug|Any CPU
		{EF886E1A-D553-43DA-857C-29DA0D6E0DAE}.Debug|Any CPU.Build.0 = Debug|Any CPU
		{EF886E1A-D553-43DA-857C-29DA0D6E0DAE}.Release|Any CPU.ActiveCfg = Release|Any CPU
		{EF886E1A-D553-43DA-857C-29DA0D6E0DAE}.Release|Any CPU.Build.0 = Release|Any CPU
		{FD6B879E-46B0-47BE-860E-BF0C11135590}.Debug|Any CPU.ActiveCfg = Debug|Any CPU
		{FD6B879E-46B0-47BE-860E-BF0C11135590}.Debug|Any CPU.Build.0 = Debug|Any CPU
		{FD6B879E-46B0-47BE-860E-BF0C11135590}.Release|Any CPU.ActiveCfg = Release|Any CPU
		{FD6B879E-46B0-47BE-860E-BF0C11135590}.Release|Any CPU.Build.0 = Release|Any CPU
		{FEC4EAD0-8A6E-4029-A537-EBD9F420B227}.Debug|Any CPU.ActiveCfg = Debug|Any CPU
		{FEC4EAD0-8A6E-4029-A537-EBD9F420B227}.Debug|Any CPU.Build.0 = Debug|Any CPU
		{FEC4EAD0-8A6E-4029-A537-EBD9F420B227}.Release|Any CPU.ActiveCfg = Release|Any CPU
		{FEC4EAD0-8A6E-4029-A537-EBD9F420B227}.Release|Any CPU.Build.0 = Release|Any CPU
		{FFC91B24-39AF-49AC-9A3A-900FBE1012ED}.Debug|Any CPU.ActiveCfg = Debug|Any CPU
		{FFC91B24-39AF-49AC-9A3A-900FBE1012ED}.Debug|Any CPU.Build.0 = Debug|Any CPU
		{FFC91B24-39AF-49AC-9A3A-900FBE1012ED}.Release|Any CPU.ActiveCfg = Release|Any CPU
		{FFC91B24-39AF-49AC-9A3A-900FBE1012ED}.Release|Any CPU.Build.0 = Release|Any CPU
		{118E40C4-323E-4B4B-8EF4-38EED6CC5E83}.Debug|Any CPU.ActiveCfg = Debug|Any CPU
		{118E40C4-323E-4B4B-8EF4-38EED6CC5E83}.Debug|Any CPU.Build.0 = Debug|Any CPU
		{118E40C4-323E-4B4B-8EF4-38EED6CC5E83}.Debug|x86.ActiveCfg = Debug|Any CPU
		{118E40C4-323E-4B4B-8EF4-38EED6CC5E83}.Release|Any CPU.ActiveCfg = Release|Any CPU
		{118E40C4-323E-4B4B-8EF4-38EED6CC5E83}.Release|Any CPU.Build.0 = Release|Any CPU
		{118E40C4-323E-4B4B-8EF4-38EED6CC5E83}.Release|x86.ActiveCfg = Release|Any CPU
		{B8573BB1-A0CD-41F4-A775-E0CB79555C59}.Debug|Any CPU.ActiveCfg = Debug|Any CPU
		{B8573BB1-A0CD-41F4-A775-E0CB79555C59}.Debug|Any CPU.Build.0 = Debug|Any CPU
		{B8573BB1-A0CD-41F4-A775-E0CB79555C59}.Release|Any CPU.ActiveCfg = Release|Any CPU
		{B8573BB1-A0CD-41F4-A775-E0CB79555C59}.Release|Any CPU.Build.0 = Release|Any CPU
		{74A835FD-93B8-4268-B120-1ACAA128AC7B}.Debug|Any CPU.ActiveCfg = Debug|Any CPU
		{74A835FD-93B8-4268-B120-1ACAA128AC7B}.Debug|Any CPU.Build.0 = Debug|Any CPU
		{74A835FD-93B8-4268-B120-1ACAA128AC7B}.Release|Any CPU.ActiveCfg = Release|Any CPU
		{74A835FD-93B8-4268-B120-1ACAA128AC7B}.Release|Any CPU.Build.0 = Release|Any CPU
		{E6C8A539-F219-4BD0-A2F4-E7064ABF6777}.Debug|Any CPU.ActiveCfg = Debug|Any CPU
		{E6C8A539-F219-4BD0-A2F4-E7064ABF6777}.Debug|Any CPU.Build.0 = Debug|Any CPU
		{E6C8A539-F219-4BD0-A2F4-E7064ABF6777}.Release|Any CPU.ActiveCfg = Release|Any CPU
		{E6C8A539-F219-4BD0-A2F4-E7064ABF6777}.Release|Any CPU.Build.0 = Release|Any CPU
		{242A32D8-9A3A-4FE3-902B-AB9C3154723A}.Debug|Any CPU.ActiveCfg = Debug|Any CPU
		{242A32D8-9A3A-4FE3-902B-AB9C3154723A}.Debug|Any CPU.Build.0 = Debug|Any CPU
		{242A32D8-9A3A-4FE3-902B-AB9C3154723A}.Release|Any CPU.ActiveCfg = Release|Any CPU
		{242A32D8-9A3A-4FE3-902B-AB9C3154723A}.Release|Any CPU.Build.0 = Release|Any CPU
		{868A6888-EDB9-407E-A710-40F297D4EAB8}.Debug|Any CPU.ActiveCfg = Debug|Any CPU
		{868A6888-EDB9-407E-A710-40F297D4EAB8}.Debug|Any CPU.Build.0 = Debug|Any CPU
		{868A6888-EDB9-407E-A710-40F297D4EAB8}.Release|Any CPU.ActiveCfg = Release|Any CPU
		{868A6888-EDB9-407E-A710-40F297D4EAB8}.Release|Any CPU.Build.0 = Release|Any CPU
		{A3231B32-A0E4-4B67-9A09-310B25BBB9B6}.Debug|Any CPU.ActiveCfg = Debug|Any CPU
		{A3231B32-A0E4-4B67-9A09-310B25BBB9B6}.Debug|Any CPU.Build.0 = Debug|Any CPU
		{A3231B32-A0E4-4B67-9A09-310B25BBB9B6}.Release|Any CPU.ActiveCfg = Release|Any CPU
		{A3231B32-A0E4-4B67-9A09-310B25BBB9B6}.Release|Any CPU.Build.0 = Release|Any CPU
		{EA724755-2670-4520-86AA-657C8A124DB7}.Debug|Any CPU.ActiveCfg = Debug|Any CPU
		{EA724755-2670-4520-86AA-657C8A124DB7}.Debug|Any CPU.Build.0 = Debug|Any CPU
		{EA724755-2670-4520-86AA-657C8A124DB7}.Release|Any CPU.ActiveCfg = Release|Any CPU
		{EA724755-2670-4520-86AA-657C8A124DB7}.Release|Any CPU.Build.0 = Release|Any CPU
	EndGlobalSection
	GlobalSection(NestedProjects) = preSolution
		{6F0AB1AF-E1A1-4D19-B19C-05BBB15C94B2} = {05D15661-E684-4EC9-8FBD-C014BA433CC5}
		{62CFC025-B8CF-42AA-880A-92F27377FCAF} = {05D15661-E684-4EC9-8FBD-C014BA433CC5}
		{3E0A2DDA-4432-4CF9-915A-65483FD31927} = {05D15661-E684-4EC9-8FBD-C014BA433CC5}
		{3F664673-7E22-4486-9AD0-FC81861D0B78} = {0399182F-AF56-4E86-B229-EAB38C2EE6AF}
		{2D4737E6-6D95-408A-90DB-8DFF38147E85} = {0399182F-AF56-4E86-B229-EAB38C2EE6AF}
		{0F7D5BD4-7970-412F-ABD7-0A098BB01ACE} = {0399182F-AF56-4E86-B229-EAB38C2EE6AF}
		{8622EBC4-8E20-476E-B284-33D472081F5C} = {0399182F-AF56-4E86-B229-EAB38C2EE6AF}
		{30467E5C-05BC-4856-AADC-13906EF4CADD} = {0399182F-AF56-4E86-B229-EAB38C2EE6AF}
		{29E1C1BB-3EA5-4062-B62F-85EEC703FE07} = {20F315E0-52AE-479F-AF43-3402482C1FC8}
		{62DC7CF9-C608-49E5-8C39-305B2E3E93F6} = {20F315E0-52AE-479F-AF43-3402482C1FC8}
		{23ACD09E-E096-4B05-A6CE-6853EDDC589A} = {20F315E0-52AE-479F-AF43-3402482C1FC8}
		{64089452-6A08-47A5-A857-BF418F80D4A3} = {2ED32D16-6C06-4450-909A-40D32DA67FB4}
		{BE4D0BA3-0888-42A5-9C09-FC308A4509D2} = {2ED32D16-6C06-4450-909A-40D32DA67FB4}
		{D4D9C9A6-04A4-46AD-8238-2493A455723F} = {2ED32D16-6C06-4450-909A-40D32DA67FB4}
		{AC2E7D52-E3C0-4C5A-A13E-B77F6D41C46E} = {2ED32D16-6C06-4450-909A-40D32DA67FB4}
		{FEC4EAD0-8A6E-4029-A537-EBD9F420B227} = {2ED32D16-6C06-4450-909A-40D32DA67FB4}
		{21D14362-103A-4B38-8FB8-EEA6C7C89E09} = {2ED32D16-6C06-4450-909A-40D32DA67FB4}
		{828C6BB6-3543-4EAF-B0F9-F11410AE8836} = {2ED32D16-6C06-4450-909A-40D32DA67FB4}
		{30A2F772-8EC1-425A-8D5D-36A0BE4D6B66} = {2ED32D16-6C06-4450-909A-40D32DA67FB4}
		{D3BBDA07-5088-454E-A16D-DA24D8D88037} = {2ED32D16-6C06-4450-909A-40D32DA67FB4}
		{41DBA506-177E-4B2D-8E6D-738E371326A1} = {2ED32D16-6C06-4450-909A-40D32DA67FB4}
		{3DC2C1F6-F332-4E55-BF6A-AED78A7C3FD2} = {2ED32D16-6C06-4450-909A-40D32DA67FB4}
		{899E3DD6-EA65-4168-AAE3-867A4F9650A6} = {2ED32D16-6C06-4450-909A-40D32DA67FB4}
		{791A36F8-5D96-452B-89D2-78BA74596A1E} = {2ED32D16-6C06-4450-909A-40D32DA67FB4}
		{76FD1306-9CA4-428F-993B-B7E4EEEACBF3} = {2ED32D16-6C06-4450-909A-40D32DA67FB4}
		{7BB04C9F-DC3F-448A-8FD3-9A6BB52BC886} = {2ED32D16-6C06-4450-909A-40D32DA67FB4}
		{B2DFA94A-A468-48A1-AB31-04EE432E7B2B} = {2ED32D16-6C06-4450-909A-40D32DA67FB4}
		{A968C097-44CE-42BA-B66C-CB3A871EE117} = {2ED32D16-6C06-4450-909A-40D32DA67FB4}
		{04674541-23C2-4308-A9DF-DBC43AE99814} = {2ED32D16-6C06-4450-909A-40D32DA67FB4}
		{991F734F-D659-4252-8D2D-E6F828474861} = {2ED32D16-6C06-4450-909A-40D32DA67FB4}
		{47197929-1C1D-4F47-A08A-77FECD8879D6} = {2ED32D16-6C06-4450-909A-40D32DA67FB4}
		{1C24F4F8-9D94-4783-B5C0-11564D70B76A} = {2ED32D16-6C06-4450-909A-40D32DA67FB4}
		{D623EC26-1A04-4BFE-84EE-E738281499C0} = {2ED32D16-6C06-4450-909A-40D32DA67FB4}
		{4698BC3F-EC29-42EB-9AED-3D8F9983A108} = {2ED32D16-6C06-4450-909A-40D32DA67FB4}
		{9F1FDC26-5F1C-4C2A-BBBF-3A597A72802D} = {2ED32D16-6C06-4450-909A-40D32DA67FB4}
		{05127997-B7F3-4802-8021-06C048C8FE63} = {2ED32D16-6C06-4450-909A-40D32DA67FB4}
		{E6C9A73D-4556-4220-9BC7-302A7EE64C1A} = {2ED32D16-6C06-4450-909A-40D32DA67FB4}
		{988052D4-92F5-4A6F-BE1D-33852D1E5D1E} = {2ED32D16-6C06-4450-909A-40D32DA67FB4}
		{10B9B771-9939-4D0B-8D47-501B6F60209F} = {2ED32D16-6C06-4450-909A-40D32DA67FB4}
		{4FD9DB1D-76AA-48D1-8446-95376C4A2BC2} = {2ED32D16-6C06-4450-909A-40D32DA67FB4}
		{19AEFD28-37E8-4FFD-B879-FEE57824689D} = {2ED32D16-6C06-4450-909A-40D32DA67FB4}
		{26095090-3F7D-4DB5-A9BF-4C687230FC0F} = {2ED32D16-6C06-4450-909A-40D32DA67FB4}
		{E0B0223C-3E44-4D2A-9FED-F1A319D84D39} = {2ED32D16-6C06-4450-909A-40D32DA67FB4}
		{7CA0A889-C1A1-4CEB-AA54-43A640B41C6C} = {2ED32D16-6C06-4450-909A-40D32DA67FB4}
		{311885BE-3FAF-430B-91B2-6EC135D3A8AB} = {2ED32D16-6C06-4450-909A-40D32DA67FB4}
		{BED1EEAF-9ADD-46F6-92D0-53957858E25B} = {2ED32D16-6C06-4450-909A-40D32DA67FB4}
		{CC5C9010-83EF-491D-9262-2CED509D895D} = {2ED32D16-6C06-4450-909A-40D32DA67FB4}
		{7C861D40-8214-4DC5-89D1-129F267C1D1B} = {2ED32D16-6C06-4450-909A-40D32DA67FB4}
		{DF96F24E-FED9-4BAC-8389-63590125DC61} = {2ED32D16-6C06-4450-909A-40D32DA67FB4}
		{FD6B879E-46B0-47BE-860E-BF0C11135590} = {2ED32D16-6C06-4450-909A-40D32DA67FB4}
		{FFC91B24-39AF-49AC-9A3A-900FBE1012ED} = {2ED32D16-6C06-4450-909A-40D32DA67FB4}
		{EF886E1A-D553-43DA-857C-29DA0D6E0DAE} = {2ED32D16-6C06-4450-909A-40D32DA67FB4}
		{A5A14A71-5DB3-4495-92F6-8D27C98FF0F4} = {4BC75679-085E-45DA-B00A-D9BA89D8748A}
		{A127AC81-400A-4F3B-8C55-A8258CD6D3C6} = {7B535D74-5496-4802-B809-89ED88274A91}
		{D9D5AC3B-9AC0-4D4E-B295-2134FDCF166C} = {7B535D74-5496-4802-B809-89ED88274A91}
		{5CC1FF25-44BF-4CD1-BD36-11E29EB21D19} = {7B535D74-5496-4802-B809-89ED88274A91}
		{E94B6C34-660F-4280-AEEC-D28AC6A3F528} = {7B535D74-5496-4802-B809-89ED88274A91}
		{B8573BB1-A0CD-41F4-A775-E0CB79555C59} = {20F315E0-52AE-479F-AF43-3402482C1FC8}
		{74A835FD-93B8-4268-B120-1ACAA128AC7B} = {2ED32D16-6C06-4450-909A-40D32DA67FB4}
		{E6C8A539-F219-4BD0-A2F4-E7064ABF6777} = {2ED32D16-6C06-4450-909A-40D32DA67FB4}
		{242A32D8-9A3A-4FE3-902B-AB9C3154723A} = {05D15661-E684-4EC9-8FBD-C014BA433CC5}
		{868A6888-EDB9-407E-A710-40F297D4EAB8} = {0399182F-AF56-4E86-B229-EAB38C2EE6AF}
		{A3231B32-A0E4-4B67-9A09-310B25BBB9B6} = {FB678C6D-29A0-405B-BA86-E1EC12A96AA9}
		{EA724755-2670-4520-86AA-657C8A124DB7} = {2ED32D16-6C06-4450-909A-40D32DA67FB4}
	EndGlobalSection
	GlobalSection(MonoDevelopProperties) = preSolution
		Policies = $0
		$0.TextStylePolicy = $1
		$1.NoTabsAfterNonTabs = True
		$1.scope = text/plain
		$1.FileWidth = 80
		$0.DotNetNamingPolicy = $2
		$2.DirectoryNamespaceAssociation = PrefixedHierarchical
		$0.TextStylePolicy = $3
		$3.inheritsSet = null
		$3.scope = text/x-csharp
		$0.CSharpFormattingPolicy = $4
		$4.AfterDelegateDeclarationParameterComma = True
		$4.scope = text/x-csharp
		$4.IndentSwitchSection = False
		StartupItem = Applications\UniversalEditor.Bootstrapper\UniversalEditor.Bootstrapper.csproj
	EndGlobalSection
	GlobalSection(SolutionProperties) = preSolution
		HideSolutionNode = FALSE
	EndGlobalSection
EndGlobal
