
Microsoft Visual Studio Solution File, Format Version 12.00
# Visual Studio 2012
Project("{2150E333-8FDC-42A3-9474-1A3956D46DE8}") = "Libraries", "Libraries", "{15D19291-4200-4C30-A68A-0191B6F83BE1}"
EndProject
Project("{FAE04EC0-301F-11D3-BF4B-00C04F79EFBC}") = "UniversalEditor.Core", "Libraries\UniversalEditor.Core\UniversalEditor.Core.csproj", "{2D4737E6-6D95-408A-90DB-8DFF38147E85}"
EndProject
Project("{2150E333-8FDC-42A3-9474-1A3956D46DE8}") = "Applications", "Applications", "{A935623A-E98E-43FF-BBE2-DAA61A587345}"
EndProject
Project("{FAE04EC0-301F-11D3-BF4B-00C04F79EFBC}") = "UniversalEditor.ConsoleApplication", "Applications\UniversalEditor.ConsoleApplication\UniversalEditor.ConsoleApplication.csproj", "{BAC9FDFD-C39E-4A90-B9F8-CF75B551BE10}"
EndProject
Project("{2150E333-8FDC-42A3-9474-1A3956D46DE8}") = "Plugins", "Plugins", "{71CFF024-26F7-4626-A526-B435FDF8D64E}"
EndProject
Project("{FAE04EC0-301F-11D3-BF4B-00C04F79EFBC}") = "UniversalEditor.Essential", "Plugins\UniversalEditor.Essential\UniversalEditor.Essential.csproj", "{30467E5C-05BC-4856-AADC-13906EF4CADD}"
EndProject
Project("{FAE04EC0-301F-11D3-BF4B-00C04F79EFBC}") = "UniversalEditor.Compression", "Libraries\UniversalEditor.Compression\UniversalEditor.Compression.csproj", "{3F664673-7E22-4486-9AD0-FC81861D0B78}"
EndProject
Project("{FAE04EC0-301F-11D3-BF4B-00C04F79EFBC}") = "UniversalEditor.Plugins.OSLib", "Plugins\UniversalEditor.Plugins.OSLib\UniversalEditor.Plugins.OSLib.csproj", "{7CA0A889-C1A1-4CEB-AA54-43A640B41C6C}"
EndProject
Project("{FAE04EC0-301F-11D3-BF4B-00C04F79EFBC}") = "UniversalEditor.Plugins.Multimedia", "Plugins\UniversalEditor.Plugins.Multimedia\UniversalEditor.Plugins.Multimedia.csproj", "{BE4D0BA3-0888-42A5-9C09-FC308A4509D2}"
EndProject
Project("{FAE04EC0-301F-11D3-BF4B-00C04F79EFBC}") = "UniversalEditor.UserInterface.WindowsForms.DesktopApplication", "Applications\UniversalEditor.UserInterface.WindowsForms.DesktopApplication\UniversalEditor.UserInterface.WindowsForms.DesktopApplication.csproj", "{118E40C4-323E-4B4B-8EF4-38EED6CC5E83}"
EndProject
Project("{2150E333-8FDC-42A3-9474-1A3956D46DE8}") = "Dependencies", "Dependencies", "{46041F27-7C1C-4209-B72B-251EDB5D4C61}"
EndProject
Project("{FAE04EC0-301F-11D3-BF4B-00C04F79EFBC}") = "AwesomeControls", "..\..\AwesomeControls\AwesomeControls\AwesomeControls.csproj", "{617D9EB5-CA93-45D6-AA6B-5A012B7698AC}"
EndProject
Project("{FAE04EC0-301F-11D3-BF4B-00C04F79EFBC}") = "UniversalEditor.UserInterface", "Libraries\UniversalEditor.UserInterface\UniversalEditor.UserInterface.csproj", "{8622EBC4-8E20-476E-B284-33D472081F5C}"
EndProject
Project("{FAE04EC0-301F-11D3-BF4B-00C04F79EFBC}") = "UniversalEditor.UserInterface.WindowsForms", "Libraries\UniversalEditor.UserInterface.WindowsForms\UniversalEditor.UserInterface.WindowsForms.csproj", "{BCBB72BD-0ECB-4FF2-8D91-E466361FB6F9}"
EndProject
Project("{FAE04EC0-301F-11D3-BF4B-00C04F79EFBC}") = "Glue", "..\..\Glue\Glue\Glue.csproj", "{FE016EA3-DC31-4A92-8B0A-8C746EC117E1}"
EndProject
Project("{FAE04EC0-301F-11D3-BF4B-00C04F79EFBC}") = "UniversalEditor.Plugins.Multimedia.Binders.GdiPlus", "Plugins\UniversalEditor.Plugins.Multimedia.Binders.GdiPlus\UniversalEditor.Plugins.Multimedia.Binders.GdiPlus.csproj", "{369CFD53-3E65-4A9E-8BDD-4CCD78BF3E33}"
EndProject
Global
	GlobalSection(SolutionConfigurationPlatforms) = preSolution
		Debug|Any CPU = Debug|Any CPU
		Debug|x86 = Debug|x86
		Release|Any CPU = Release|Any CPU
		Release|x86 = Release|x86
	EndGlobalSection
	GlobalSection(ProjectConfigurationPlatforms) = postSolution
		{2D4737E6-6D95-408A-90DB-8DFF38147E85}.Debug|Any CPU.ActiveCfg = Debug|Any CPU
		{2D4737E6-6D95-408A-90DB-8DFF38147E85}.Debug|Any CPU.Build.0 = Debug|Any CPU
		{2D4737E6-6D95-408A-90DB-8DFF38147E85}.Debug|x86.ActiveCfg = Debug|Any CPU
		{2D4737E6-6D95-408A-90DB-8DFF38147E85}.Release|Any CPU.ActiveCfg = Release|Any CPU
		{2D4737E6-6D95-408A-90DB-8DFF38147E85}.Release|Any CPU.Build.0 = Release|Any CPU
		{2D4737E6-6D95-408A-90DB-8DFF38147E85}.Release|x86.ActiveCfg = Release|Any CPU
		{BAC9FDFD-C39E-4A90-B9F8-CF75B551BE10}.Debug|Any CPU.ActiveCfg = Debug|Any CPU
		{BAC9FDFD-C39E-4A90-B9F8-CF75B551BE10}.Debug|Any CPU.Build.0 = Debug|Any CPU
		{BAC9FDFD-C39E-4A90-B9F8-CF75B551BE10}.Debug|x86.ActiveCfg = Debug|Any CPU
		{BAC9FDFD-C39E-4A90-B9F8-CF75B551BE10}.Release|Any CPU.ActiveCfg = Release|Any CPU
		{BAC9FDFD-C39E-4A90-B9F8-CF75B551BE10}.Release|Any CPU.Build.0 = Release|Any CPU
		{BAC9FDFD-C39E-4A90-B9F8-CF75B551BE10}.Release|x86.ActiveCfg = Release|Any CPU
		{30467E5C-05BC-4856-AADC-13906EF4CADD}.Debug|Any CPU.ActiveCfg = Debug|Any CPU
		{30467E5C-05BC-4856-AADC-13906EF4CADD}.Debug|Any CPU.Build.0 = Debug|Any CPU
		{30467E5C-05BC-4856-AADC-13906EF4CADD}.Debug|x86.ActiveCfg = Debug|Any CPU
		{30467E5C-05BC-4856-AADC-13906EF4CADD}.Release|Any CPU.ActiveCfg = Release|Any CPU
		{30467E5C-05BC-4856-AADC-13906EF4CADD}.Release|Any CPU.Build.0 = Release|Any CPU
		{30467E5C-05BC-4856-AADC-13906EF4CADD}.Release|x86.ActiveCfg = Release|Any CPU
		{3F664673-7E22-4486-9AD0-FC81861D0B78}.Debug|Any CPU.ActiveCfg = Debug|Any CPU
		{3F664673-7E22-4486-9AD0-FC81861D0B78}.Debug|Any CPU.Build.0 = Debug|Any CPU
		{3F664673-7E22-4486-9AD0-FC81861D0B78}.Debug|x86.ActiveCfg = Debug|Any CPU
		{3F664673-7E22-4486-9AD0-FC81861D0B78}.Release|Any CPU.ActiveCfg = Release|Any CPU
		{3F664673-7E22-4486-9AD0-FC81861D0B78}.Release|Any CPU.Build.0 = Release|Any CPU
		{3F664673-7E22-4486-9AD0-FC81861D0B78}.Release|x86.ActiveCfg = Release|Any CPU
		{7CA0A889-C1A1-4CEB-AA54-43A640B41C6C}.Debug|Any CPU.ActiveCfg = Debug|Any CPU
		{7CA0A889-C1A1-4CEB-AA54-43A640B41C6C}.Debug|Any CPU.Build.0 = Debug|Any CPU
		{7CA0A889-C1A1-4CEB-AA54-43A640B41C6C}.Debug|x86.ActiveCfg = Debug|Any CPU
		{7CA0A889-C1A1-4CEB-AA54-43A640B41C6C}.Release|Any CPU.ActiveCfg = Release|Any CPU
		{7CA0A889-C1A1-4CEB-AA54-43A640B41C6C}.Release|Any CPU.Build.0 = Release|Any CPU
		{7CA0A889-C1A1-4CEB-AA54-43A640B41C6C}.Release|x86.ActiveCfg = Release|Any CPU
		{BE4D0BA3-0888-42A5-9C09-FC308A4509D2}.Debug|Any CPU.ActiveCfg = Debug|Any CPU
		{BE4D0BA3-0888-42A5-9C09-FC308A4509D2}.Debug|Any CPU.Build.0 = Debug|Any CPU
		{BE4D0BA3-0888-42A5-9C09-FC308A4509D2}.Debug|x86.ActiveCfg = Debug|Any CPU
		{BE4D0BA3-0888-42A5-9C09-FC308A4509D2}.Release|Any CPU.ActiveCfg = Release|Any CPU
		{BE4D0BA3-0888-42A5-9C09-FC308A4509D2}.Release|Any CPU.Build.0 = Release|Any CPU
		{BE4D0BA3-0888-42A5-9C09-FC308A4509D2}.Release|x86.ActiveCfg = Release|Any CPU
		{118E40C4-323E-4B4B-8EF4-38EED6CC5E83}.Debug|Any CPU.ActiveCfg = Debug|Any CPU
		{118E40C4-323E-4B4B-8EF4-38EED6CC5E83}.Debug|Any CPU.Build.0 = Debug|Any CPU
		{118E40C4-323E-4B4B-8EF4-38EED6CC5E83}.Debug|x86.ActiveCfg = Debug|Any CPU
		{118E40C4-323E-4B4B-8EF4-38EED6CC5E83}.Release|Any CPU.ActiveCfg = Release|Any CPU
		{118E40C4-323E-4B4B-8EF4-38EED6CC5E83}.Release|Any CPU.Build.0 = Release|Any CPU
		{118E40C4-323E-4B4B-8EF4-38EED6CC5E83}.Release|x86.ActiveCfg = Release|Any CPU
		{617D9EB5-CA93-45D6-AA6B-5A012B7698AC}.Debug|Any CPU.ActiveCfg = Debug|Any CPU
		{617D9EB5-CA93-45D6-AA6B-5A012B7698AC}.Debug|Any CPU.Build.0 = Debug|Any CPU
		{617D9EB5-CA93-45D6-AA6B-5A012B7698AC}.Debug|x86.ActiveCfg = Debug|x86
		{617D9EB5-CA93-45D6-AA6B-5A012B7698AC}.Debug|x86.Build.0 = Debug|x86
		{617D9EB5-CA93-45D6-AA6B-5A012B7698AC}.Release|Any CPU.ActiveCfg = Release|Any CPU
		{617D9EB5-CA93-45D6-AA6B-5A012B7698AC}.Release|Any CPU.Build.0 = Release|Any CPU
		{617D9EB5-CA93-45D6-AA6B-5A012B7698AC}.Release|x86.ActiveCfg = Release|x86
		{617D9EB5-CA93-45D6-AA6B-5A012B7698AC}.Release|x86.Build.0 = Release|x86
		{8622EBC4-8E20-476E-B284-33D472081F5C}.Debug|Any CPU.ActiveCfg = Debug|Any CPU
		{8622EBC4-8E20-476E-B284-33D472081F5C}.Debug|Any CPU.Build.0 = Debug|Any CPU
		{8622EBC4-8E20-476E-B284-33D472081F5C}.Debug|x86.ActiveCfg = Debug|Any CPU
		{8622EBC4-8E20-476E-B284-33D472081F5C}.Release|Any CPU.ActiveCfg = Release|Any CPU
		{8622EBC4-8E20-476E-B284-33D472081F5C}.Release|Any CPU.Build.0 = Release|Any CPU
		{8622EBC4-8E20-476E-B284-33D472081F5C}.Release|x86.ActiveCfg = Release|Any CPU
		{BCBB72BD-0ECB-4FF2-8D91-E466361FB6F9}.Debug|Any CPU.ActiveCfg = Debug|Any CPU
		{BCBB72BD-0ECB-4FF2-8D91-E466361FB6F9}.Debug|Any CPU.Build.0 = Debug|Any CPU
		{BCBB72BD-0ECB-4FF2-8D91-E466361FB6F9}.Debug|x86.ActiveCfg = Debug|Any CPU
		{BCBB72BD-0ECB-4FF2-8D91-E466361FB6F9}.Release|Any CPU.ActiveCfg = Release|Any CPU
		{BCBB72BD-0ECB-4FF2-8D91-E466361FB6F9}.Release|Any CPU.Build.0 = Release|Any CPU
		{BCBB72BD-0ECB-4FF2-8D91-E466361FB6F9}.Release|x86.ActiveCfg = Release|Any CPU
		{FE016EA3-DC31-4A92-8B0A-8C746EC117E1}.Debug|Any CPU.ActiveCfg = Debug|Any CPU
		{FE016EA3-DC31-4A92-8B0A-8C746EC117E1}.Debug|Any CPU.Build.0 = Debug|Any CPU
		{FE016EA3-DC31-4A92-8B0A-8C746EC117E1}.Debug|x86.ActiveCfg = Debug|Any CPU
		{FE016EA3-DC31-4A92-8B0A-8C746EC117E1}.Release|Any CPU.ActiveCfg = Release|Any CPU
		{FE016EA3-DC31-4A92-8B0A-8C746EC117E1}.Release|Any CPU.Build.0 = Release|Any CPU
		{FE016EA3-DC31-4A92-8B0A-8C746EC117E1}.Release|x86.ActiveCfg = Release|Any CPU
		{369CFD53-3E65-4A9E-8BDD-4CCD78BF3E33}.Debug|Any CPU.ActiveCfg = Debug|Any CPU
		{369CFD53-3E65-4A9E-8BDD-4CCD78BF3E33}.Debug|Any CPU.Build.0 = Debug|Any CPU
		{369CFD53-3E65-4A9E-8BDD-4CCD78BF3E33}.Debug|x86.ActiveCfg = Debug|Any CPU
		{369CFD53-3E65-4A9E-8BDD-4CCD78BF3E33}.Release|Any CPU.ActiveCfg = Release|Any CPU
		{369CFD53-3E65-4A9E-8BDD-4CCD78BF3E33}.Release|Any CPU.Build.0 = Release|Any CPU
		{369CFD53-3E65-4A9E-8BDD-4CCD78BF3E33}.Release|x86.ActiveCfg = Release|Any CPU
	EndGlobalSection
	GlobalSection(SolutionProperties) = preSolution
		HideSolutionNode = FALSE
	EndGlobalSection
	GlobalSection(NestedProjects) = preSolution
		{2D4737E6-6D95-408A-90DB-8DFF38147E85} = {15D19291-4200-4C30-A68A-0191B6F83BE1}
		{3F664673-7E22-4486-9AD0-FC81861D0B78} = {15D19291-4200-4C30-A68A-0191B6F83BE1}
		{8622EBC4-8E20-476E-B284-33D472081F5C} = {15D19291-4200-4C30-A68A-0191B6F83BE1}
		{BCBB72BD-0ECB-4FF2-8D91-E466361FB6F9} = {15D19291-4200-4C30-A68A-0191B6F83BE1}
		{BAC9FDFD-C39E-4A90-B9F8-CF75B551BE10} = {A935623A-E98E-43FF-BBE2-DAA61A587345}
		{118E40C4-323E-4B4B-8EF4-38EED6CC5E83} = {A935623A-E98E-43FF-BBE2-DAA61A587345}
		{30467E5C-05BC-4856-AADC-13906EF4CADD} = {71CFF024-26F7-4626-A526-B435FDF8D64E}
		{7CA0A889-C1A1-4CEB-AA54-43A640B41C6C} = {71CFF024-26F7-4626-A526-B435FDF8D64E}
		{BE4D0BA3-0888-42A5-9C09-FC308A4509D2} = {71CFF024-26F7-4626-A526-B435FDF8D64E}
		{369CFD53-3E65-4A9E-8BDD-4CCD78BF3E33} = {71CFF024-26F7-4626-A526-B435FDF8D64E}
		{617D9EB5-CA93-45D6-AA6B-5A012B7698AC} = {46041F27-7C1C-4209-B72B-251EDB5D4C61}
		{FE016EA3-DC31-4A92-8B0A-8C746EC117E1} = {46041F27-7C1C-4209-B72B-251EDB5D4C61}
	EndGlobalSection
EndGlobal
