
Microsoft Visual Studio Solution File, Format Version 12.00
# Visual Studio 2013
VisualStudioVersion = 12.0.31101.0
MinimumVisualStudioVersion = 10.0.40219.1
Project("{2150E333-8FDC-42A3-9474-1A3956D46DE8}") = "Applications", "Applications", "{05D15661-E684-4EC9-8FBD-C014BA433CC5}"
EndProject
Project("{FAE04EC0-301F-11D3-BF4B-00C04F79EFBC}") = "UniversalEditor.Bootstrapper", "Applications\UniversalEditor.Bootstrapper\UniversalEditor.Bootstrapper.csproj", "{6F0AB1AF-E1A1-4D19-B19C-05BBB15C94B2}"
EndProject
Project("{FAE04EC0-301F-11D3-BF4B-00C04F79EFBC}") = "UniversalEditor.ConsoleBootstrapper", "Applications\UniversalEditor.ConsoleBootstrapper\UniversalEditor.ConsoleBootstrapper.csproj", "{62CFC025-B8CF-42AA-880A-92F27377FCAF}"
EndProject
Project("{2150E333-8FDC-42A3-9474-1A3956D46DE8}") = "Libraries", "Libraries", "{0399182F-AF56-4E86-B229-EAB38C2EE6AF}"
EndProject
Project("{FAE04EC0-301F-11D3-BF4B-00C04F79EFBC}") = "UniversalEditor.Compression", "Libraries\UniversalEditor.Compression\UniversalEditor.Compression.csproj", "{3F664673-7E22-4486-9AD0-FC81861D0B78}"
EndProject
Project("{FAE04EC0-301F-11D3-BF4B-00C04F79EFBC}") = "UniversalEditor.Core", "Libraries\UniversalEditor.Core\UniversalEditor.Core.csproj", "{2D4737E6-6D95-408A-90DB-8DFF38147E85}"
EndProject
Project("{FAE04EC0-301F-11D3-BF4B-00C04F79EFBC}") = "UniversalEditor.UserInterface", "Libraries\UniversalEditor.UserInterface\UniversalEditor.UserInterface.csproj", "{8622EBC4-8E20-476E-B284-33D472081F5C}"
EndProject
Project("{FAE04EC0-301F-11D3-BF4B-00C04F79EFBC}") = "UniversalEditor.Essential", "Libraries\UniversalEditor.Essential\UniversalEditor.Essential.csproj", "{30467E5C-05BC-4856-AADC-13906EF4CADD}"
EndProject
Project("{2150E333-8FDC-42A3-9474-1A3956D46DE8}") = "Engines", "Engines", "{B55B87C2-12E7-4622-A9CB-10A56666C8C6}"
EndProject
Project("{2150E333-8FDC-42A3-9474-1A3956D46DE8}") = "WindowsForms", "WindowsForms", "{932631CE-69DF-4908-996A-F909F6B14E94}"
EndProject
Project("{2150E333-8FDC-42A3-9474-1A3956D46DE8}") = "Engines", "Engines", "{7F91BFD4-7553-428A-93C7-FDAE73FF0D0A}"
EndProject
Project("{FAE04EC0-301F-11D3-BF4B-00C04F79EFBC}") = "UniversalEditor.Engines.WindowsForms", "Engines\WindowsForms\Engines\UniversalEditor.Engines.WindowsForms\UniversalEditor.Engines.WindowsForms.csproj", "{118E40C4-323E-4B4B-8EF4-38EED6CC5E83}"
EndProject
Project("{2150E333-8FDC-42A3-9474-1A3956D46DE8}") = "Dependencies", "Dependencies", "{F23649CB-5743-4862-9F29-411A08925D8B}"
EndProject
Project("{FAE04EC0-301F-11D3-BF4B-00C04F79EFBC}") = "Glue", "..\..\..\Glue\Glue\Glue.csproj", "{FE016EA3-DC31-4A92-8B0A-8C746EC117E1}"
EndProject
Project("{FAE04EC0-301F-11D3-BF4B-00C04F79EFBC}") = "AwesomeControls", "..\..\..\AwesomeControls\AwesomeControls\AwesomeControls.csproj", "{617D9EB5-CA93-45D6-AA6B-5A012B7698AC}"
EndProject
Project("{2150E333-8FDC-42A3-9474-1A3956D46DE8}") = "Plugins", "Plugins", "{2ED32D16-6C06-4450-909A-40D32DA67FB4}"
EndProject
Project("{FAE04EC0-301F-11D3-BF4B-00C04F79EFBC}") = "UniversalEditor.Plugins.Web", "Plugins\UniversalEditor.Plugins.Web\UniversalEditor.Plugins.Web.csproj", "{64089452-6A08-47A5-A857-BF418F80D4A3}"
EndProject
Project("{2150E333-8FDC-42A3-9474-1A3956D46DE8}") = "Libraries", "Libraries", "{A307AE93-216B-4DBB-B1DD-CB4738E1F0F3}"
EndProject
Project("{FAE04EC0-301F-11D3-BF4B-00C04F79EFBC}") = "UniversalEditor.UserInterface.WindowsForms", "Engines\WindowsForms\Libraries\UniversalEditor.UserInterface.WindowsForms\UniversalEditor.UserInterface.WindowsForms.csproj", "{BCBB72BD-0ECB-4FF2-8D91-E466361FB6F9}"
EndProject
Project("{FAE04EC0-301F-11D3-BF4B-00C04F79EFBC}") = "UniversalEditor.Plugins.Multimedia", "Plugins\UniversalEditor.Plugins.Multimedia\UniversalEditor.Plugins.Multimedia.csproj", "{BE4D0BA3-0888-42A5-9C09-FC308A4509D2}"
EndProject
Project("{2150E333-8FDC-42A3-9474-1A3956D46DE8}") = "Plugins", "Plugins", "{10FB1DF5-3985-47FC-93AA-39EFA257EB88}"
EndProject
Project("{FAE04EC0-301F-11D3-BF4B-00C04F79EFBC}") = "UniversalEditor.Plugins.Multimedia.Binders.GdiPlus", "Engines\WindowsForms\Plugins\UniversalEditor.Plugins.Multimedia.Binders.GdiPlus\UniversalEditor.Plugins.Multimedia.Binders.GdiPlus.csproj", "{369CFD53-3E65-4A9E-8BDD-4CCD78BF3E33}"
EndProject
Project("{2150E333-8FDC-42A3-9474-1A3956D46DE8}") = "Content", "Content", "{4BC75679-085E-45DA-B00A-D9BA89D8748A}"
EndProject
Project("{FAE04EC0-301F-11D3-BF4B-00C04F79EFBC}") = "UniversalEditor.Content.PlatformIndependent", "Content\UniversalEditor.Content.PlatformIndependent\UniversalEditor.Content.PlatformIndependent.csproj", "{A5A14A71-5DB3-4495-92F6-8D27C98FF0F4}"
EndProject
Project("{FAE04EC0-301F-11D3-BF4B-00C04F79EFBC}") = "AwesomeControls.Content.PlatformIndependent", "..\..\..\AwesomeControls\AwesomeControls.Content.PlatformIndependent\AwesomeControls.Content.PlatformIndependent.csproj", "{FAE48F29-DB35-4CD6-8A55-6C1FDDFBE6AF}"
EndProject
Project("{FAE04EC0-301F-11D3-BF4B-00C04F79EFBC}") = "UniversalEditor.Plugins.AwesomeControls.UserInterface.WindowsForms", "Engines\WindowsForms\Plugins\UniversalEditor.Plugins.AwesomeControls.UserInterface.WindowsForms\UniversalEditor.Plugins.AwesomeControls.UserInterface.WindowsForms.csproj", "{AFA66FC1-471D-4F7F-85B9-B636379FE569}"
EndProject
Global
	GlobalSection(SolutionConfigurationPlatforms) = preSolution
		Debug|Any CPU = Debug|Any CPU
		Debug|x86 = Debug|x86
		Release|Any CPU = Release|Any CPU
		Release|x86 = Release|x86
	EndGlobalSection
	GlobalSection(ProjectConfigurationPlatforms) = postSolution
		{6F0AB1AF-E1A1-4D19-B19C-05BBB15C94B2}.Debug|Any CPU.ActiveCfg = Debug|Any CPU
		{6F0AB1AF-E1A1-4D19-B19C-05BBB15C94B2}.Debug|Any CPU.Build.0 = Debug|Any CPU
		{6F0AB1AF-E1A1-4D19-B19C-05BBB15C94B2}.Debug|x86.ActiveCfg = Debug|Any CPU
		{6F0AB1AF-E1A1-4D19-B19C-05BBB15C94B2}.Release|Any CPU.ActiveCfg = Release|Any CPU
		{6F0AB1AF-E1A1-4D19-B19C-05BBB15C94B2}.Release|Any CPU.Build.0 = Release|Any CPU
		{6F0AB1AF-E1A1-4D19-B19C-05BBB15C94B2}.Release|x86.ActiveCfg = Release|Any CPU
		{62CFC025-B8CF-42AA-880A-92F27377FCAF}.Debug|Any CPU.ActiveCfg = Debug|Any CPU
		{62CFC025-B8CF-42AA-880A-92F27377FCAF}.Debug|Any CPU.Build.0 = Debug|Any CPU
		{62CFC025-B8CF-42AA-880A-92F27377FCAF}.Debug|x86.ActiveCfg = Debug|Any CPU
		{62CFC025-B8CF-42AA-880A-92F27377FCAF}.Release|Any CPU.ActiveCfg = Release|Any CPU
		{62CFC025-B8CF-42AA-880A-92F27377FCAF}.Release|Any CPU.Build.0 = Release|Any CPU
		{62CFC025-B8CF-42AA-880A-92F27377FCAF}.Release|x86.ActiveCfg = Release|Any CPU
		{3F664673-7E22-4486-9AD0-FC81861D0B78}.Debug|Any CPU.ActiveCfg = Debug|Any CPU
		{3F664673-7E22-4486-9AD0-FC81861D0B78}.Debug|Any CPU.Build.0 = Debug|Any CPU
		{3F664673-7E22-4486-9AD0-FC81861D0B78}.Debug|x86.ActiveCfg = Debug|Any CPU
		{3F664673-7E22-4486-9AD0-FC81861D0B78}.Release|Any CPU.ActiveCfg = Release|Any CPU
		{3F664673-7E22-4486-9AD0-FC81861D0B78}.Release|Any CPU.Build.0 = Release|Any CPU
		{3F664673-7E22-4486-9AD0-FC81861D0B78}.Release|x86.ActiveCfg = Release|Any CPU
		{2D4737E6-6D95-408A-90DB-8DFF38147E85}.Debug|Any CPU.ActiveCfg = Debug|Any CPU
		{2D4737E6-6D95-408A-90DB-8DFF38147E85}.Debug|Any CPU.Build.0 = Debug|Any CPU
		{2D4737E6-6D95-408A-90DB-8DFF38147E85}.Debug|x86.ActiveCfg = Debug|Any CPU
		{2D4737E6-6D95-408A-90DB-8DFF38147E85}.Release|Any CPU.ActiveCfg = Release|Any CPU
		{2D4737E6-6D95-408A-90DB-8DFF38147E85}.Release|Any CPU.Build.0 = Release|Any CPU
		{2D4737E6-6D95-408A-90DB-8DFF38147E85}.Release|x86.ActiveCfg = Release|Any CPU
		{8622EBC4-8E20-476E-B284-33D472081F5C}.Debug|Any CPU.ActiveCfg = Debug|Any CPU
		{8622EBC4-8E20-476E-B284-33D472081F5C}.Debug|Any CPU.Build.0 = Debug|Any CPU
		{8622EBC4-8E20-476E-B284-33D472081F5C}.Debug|x86.ActiveCfg = Debug|Any CPU
		{8622EBC4-8E20-476E-B284-33D472081F5C}.Release|Any CPU.ActiveCfg = Release|Any CPU
		{8622EBC4-8E20-476E-B284-33D472081F5C}.Release|Any CPU.Build.0 = Release|Any CPU
		{8622EBC4-8E20-476E-B284-33D472081F5C}.Release|x86.ActiveCfg = Release|Any CPU
		{30467E5C-05BC-4856-AADC-13906EF4CADD}.Debug|Any CPU.ActiveCfg = Debug|Any CPU
		{30467E5C-05BC-4856-AADC-13906EF4CADD}.Debug|Any CPU.Build.0 = Debug|Any CPU
		{30467E5C-05BC-4856-AADC-13906EF4CADD}.Debug|x86.ActiveCfg = Debug|Any CPU
		{30467E5C-05BC-4856-AADC-13906EF4CADD}.Release|Any CPU.ActiveCfg = Release|Any CPU
		{30467E5C-05BC-4856-AADC-13906EF4CADD}.Release|Any CPU.Build.0 = Release|Any CPU
		{30467E5C-05BC-4856-AADC-13906EF4CADD}.Release|x86.ActiveCfg = Release|Any CPU
		{118E40C4-323E-4B4B-8EF4-38EED6CC5E83}.Debug|Any CPU.ActiveCfg = Debug|Any CPU
		{118E40C4-323E-4B4B-8EF4-38EED6CC5E83}.Debug|Any CPU.Build.0 = Debug|Any CPU
		{118E40C4-323E-4B4B-8EF4-38EED6CC5E83}.Debug|x86.ActiveCfg = Debug|Any CPU
		{118E40C4-323E-4B4B-8EF4-38EED6CC5E83}.Release|Any CPU.ActiveCfg = Release|Any CPU
		{118E40C4-323E-4B4B-8EF4-38EED6CC5E83}.Release|Any CPU.Build.0 = Release|Any CPU
		{118E40C4-323E-4B4B-8EF4-38EED6CC5E83}.Release|x86.ActiveCfg = Release|Any CPU
		{FE016EA3-DC31-4A92-8B0A-8C746EC117E1}.Debug|Any CPU.ActiveCfg = Debug|Any CPU
		{FE016EA3-DC31-4A92-8B0A-8C746EC117E1}.Debug|Any CPU.Build.0 = Debug|Any CPU
		{FE016EA3-DC31-4A92-8B0A-8C746EC117E1}.Debug|x86.ActiveCfg = Debug|Any CPU
		{FE016EA3-DC31-4A92-8B0A-8C746EC117E1}.Release|Any CPU.ActiveCfg = Release|Any CPU
		{FE016EA3-DC31-4A92-8B0A-8C746EC117E1}.Release|Any CPU.Build.0 = Release|Any CPU
		{FE016EA3-DC31-4A92-8B0A-8C746EC117E1}.Release|x86.ActiveCfg = Release|Any CPU
		{617D9EB5-CA93-45D6-AA6B-5A012B7698AC}.Debug|Any CPU.ActiveCfg = Debug|Any CPU
		{617D9EB5-CA93-45D6-AA6B-5A012B7698AC}.Debug|Any CPU.Build.0 = Debug|Any CPU
		{617D9EB5-CA93-45D6-AA6B-5A012B7698AC}.Debug|x86.ActiveCfg = Debug|x86
		{617D9EB5-CA93-45D6-AA6B-5A012B7698AC}.Debug|x86.Build.0 = Debug|x86
		{617D9EB5-CA93-45D6-AA6B-5A012B7698AC}.Release|Any CPU.ActiveCfg = Release|Any CPU
		{617D9EB5-CA93-45D6-AA6B-5A012B7698AC}.Release|Any CPU.Build.0 = Release|Any CPU
		{617D9EB5-CA93-45D6-AA6B-5A012B7698AC}.Release|x86.ActiveCfg = Release|x86
		{617D9EB5-CA93-45D6-AA6B-5A012B7698AC}.Release|x86.Build.0 = Release|x86
		{64089452-6A08-47A5-A857-BF418F80D4A3}.Debug|Any CPU.ActiveCfg = Debug|Any CPU
		{64089452-6A08-47A5-A857-BF418F80D4A3}.Debug|Any CPU.Build.0 = Debug|Any CPU
		{64089452-6A08-47A5-A857-BF418F80D4A3}.Debug|x86.ActiveCfg = Debug|Any CPU
		{64089452-6A08-47A5-A857-BF418F80D4A3}.Release|Any CPU.ActiveCfg = Release|Any CPU
		{64089452-6A08-47A5-A857-BF418F80D4A3}.Release|Any CPU.Build.0 = Release|Any CPU
		{64089452-6A08-47A5-A857-BF418F80D4A3}.Release|x86.ActiveCfg = Release|Any CPU
		{BCBB72BD-0ECB-4FF2-8D91-E466361FB6F9}.Debug|Any CPU.ActiveCfg = Debug|Any CPU
		{BCBB72BD-0ECB-4FF2-8D91-E466361FB6F9}.Debug|Any CPU.Build.0 = Debug|Any CPU
		{BCBB72BD-0ECB-4FF2-8D91-E466361FB6F9}.Debug|x86.ActiveCfg = Debug|Any CPU
		{BCBB72BD-0ECB-4FF2-8D91-E466361FB6F9}.Release|Any CPU.ActiveCfg = Release|Any CPU
		{BCBB72BD-0ECB-4FF2-8D91-E466361FB6F9}.Release|Any CPU.Build.0 = Release|Any CPU
		{BCBB72BD-0ECB-4FF2-8D91-E466361FB6F9}.Release|x86.ActiveCfg = Release|Any CPU
		{BE4D0BA3-0888-42A5-9C09-FC308A4509D2}.Debug|Any CPU.ActiveCfg = Debug|Any CPU
		{BE4D0BA3-0888-42A5-9C09-FC308A4509D2}.Debug|Any CPU.Build.0 = Debug|Any CPU
		{BE4D0BA3-0888-42A5-9C09-FC308A4509D2}.Debug|x86.ActiveCfg = Debug|Any CPU
		{BE4D0BA3-0888-42A5-9C09-FC308A4509D2}.Release|Any CPU.ActiveCfg = Release|Any CPU
		{BE4D0BA3-0888-42A5-9C09-FC308A4509D2}.Release|Any CPU.Build.0 = Release|Any CPU
		{BE4D0BA3-0888-42A5-9C09-FC308A4509D2}.Release|x86.ActiveCfg = Release|Any CPU
		{369CFD53-3E65-4A9E-8BDD-4CCD78BF3E33}.Debug|Any CPU.ActiveCfg = Debug|Any CPU
		{369CFD53-3E65-4A9E-8BDD-4CCD78BF3E33}.Debug|Any CPU.Build.0 = Debug|Any CPU
		{369CFD53-3E65-4A9E-8BDD-4CCD78BF3E33}.Debug|x86.ActiveCfg = Debug|Any CPU
		{369CFD53-3E65-4A9E-8BDD-4CCD78BF3E33}.Release|Any CPU.ActiveCfg = Release|Any CPU
		{369CFD53-3E65-4A9E-8BDD-4CCD78BF3E33}.Release|Any CPU.Build.0 = Release|Any CPU
		{369CFD53-3E65-4A9E-8BDD-4CCD78BF3E33}.Release|x86.ActiveCfg = Release|Any CPU
		{A5A14A71-5DB3-4495-92F6-8D27C98FF0F4}.Debug|Any CPU.ActiveCfg = Debug|Any CPU
		{A5A14A71-5DB3-4495-92F6-8D27C98FF0F4}.Debug|Any CPU.Build.0 = Debug|Any CPU
		{A5A14A71-5DB3-4495-92F6-8D27C98FF0F4}.Debug|x86.ActiveCfg = Debug|Any CPU
		{A5A14A71-5DB3-4495-92F6-8D27C98FF0F4}.Release|Any CPU.ActiveCfg = Release|Any CPU
		{A5A14A71-5DB3-4495-92F6-8D27C98FF0F4}.Release|Any CPU.Build.0 = Release|Any CPU
		{A5A14A71-5DB3-4495-92F6-8D27C98FF0F4}.Release|x86.ActiveCfg = Release|Any CPU
		{FAE48F29-DB35-4CD6-8A55-6C1FDDFBE6AF}.Debug|Any CPU.ActiveCfg = Debug|Any CPU
		{FAE48F29-DB35-4CD6-8A55-6C1FDDFBE6AF}.Debug|Any CPU.Build.0 = Debug|Any CPU
		{FAE48F29-DB35-4CD6-8A55-6C1FDDFBE6AF}.Debug|x86.ActiveCfg = Debug|Any CPU
		{FAE48F29-DB35-4CD6-8A55-6C1FDDFBE6AF}.Release|Any CPU.ActiveCfg = Release|Any CPU
		{FAE48F29-DB35-4CD6-8A55-6C1FDDFBE6AF}.Release|Any CPU.Build.0 = Release|Any CPU
		{FAE48F29-DB35-4CD6-8A55-6C1FDDFBE6AF}.Release|x86.ActiveCfg = Release|Any CPU
		{AFA66FC1-471D-4F7F-85B9-B636379FE569}.Debug|Any CPU.ActiveCfg = Debug|Any CPU
		{AFA66FC1-471D-4F7F-85B9-B636379FE569}.Debug|Any CPU.Build.0 = Debug|Any CPU
		{AFA66FC1-471D-4F7F-85B9-B636379FE569}.Debug|x86.ActiveCfg = Debug|Any CPU
		{AFA66FC1-471D-4F7F-85B9-B636379FE569}.Release|Any CPU.ActiveCfg = Release|Any CPU
		{AFA66FC1-471D-4F7F-85B9-B636379FE569}.Release|Any CPU.Build.0 = Release|Any CPU
		{AFA66FC1-471D-4F7F-85B9-B636379FE569}.Release|x86.ActiveCfg = Release|Any CPU
	EndGlobalSection
	GlobalSection(SolutionProperties) = preSolution
		HideSolutionNode = FALSE
	EndGlobalSection
	GlobalSection(NestedProjects) = preSolution
		{6F0AB1AF-E1A1-4D19-B19C-05BBB15C94B2} = {05D15661-E684-4EC9-8FBD-C014BA433CC5}
		{62CFC025-B8CF-42AA-880A-92F27377FCAF} = {05D15661-E684-4EC9-8FBD-C014BA433CC5}
		{3F664673-7E22-4486-9AD0-FC81861D0B78} = {0399182F-AF56-4E86-B229-EAB38C2EE6AF}
		{2D4737E6-6D95-408A-90DB-8DFF38147E85} = {0399182F-AF56-4E86-B229-EAB38C2EE6AF}
		{8622EBC4-8E20-476E-B284-33D472081F5C} = {0399182F-AF56-4E86-B229-EAB38C2EE6AF}
		{30467E5C-05BC-4856-AADC-13906EF4CADD} = {0399182F-AF56-4E86-B229-EAB38C2EE6AF}
		{932631CE-69DF-4908-996A-F909F6B14E94} = {B55B87C2-12E7-4622-A9CB-10A56666C8C6}
		{7F91BFD4-7553-428A-93C7-FDAE73FF0D0A} = {932631CE-69DF-4908-996A-F909F6B14E94}
		{118E40C4-323E-4B4B-8EF4-38EED6CC5E83} = {7F91BFD4-7553-428A-93C7-FDAE73FF0D0A}
		{F23649CB-5743-4862-9F29-411A08925D8B} = {932631CE-69DF-4908-996A-F909F6B14E94}
		{FE016EA3-DC31-4A92-8B0A-8C746EC117E1} = {F23649CB-5743-4862-9F29-411A08925D8B}
		{617D9EB5-CA93-45D6-AA6B-5A012B7698AC} = {F23649CB-5743-4862-9F29-411A08925D8B}
		{64089452-6A08-47A5-A857-BF418F80D4A3} = {2ED32D16-6C06-4450-909A-40D32DA67FB4}
		{A307AE93-216B-4DBB-B1DD-CB4738E1F0F3} = {932631CE-69DF-4908-996A-F909F6B14E94}
		{BCBB72BD-0ECB-4FF2-8D91-E466361FB6F9} = {A307AE93-216B-4DBB-B1DD-CB4738E1F0F3}
		{BE4D0BA3-0888-42A5-9C09-FC308A4509D2} = {2ED32D16-6C06-4450-909A-40D32DA67FB4}
		{10FB1DF5-3985-47FC-93AA-39EFA257EB88} = {932631CE-69DF-4908-996A-F909F6B14E94}
		{369CFD53-3E65-4A9E-8BDD-4CCD78BF3E33} = {10FB1DF5-3985-47FC-93AA-39EFA257EB88}
		{A5A14A71-5DB3-4495-92F6-8D27C98FF0F4} = {4BC75679-085E-45DA-B00A-D9BA89D8748A}
		{FAE48F29-DB35-4CD6-8A55-6C1FDDFBE6AF} = {F23649CB-5743-4862-9F29-411A08925D8B}
		{AFA66FC1-471D-4F7F-85B9-B636379FE569} = {10FB1DF5-3985-47FC-93AA-39EFA257EB88}
	EndGlobalSection
EndGlobal
